// !$*UTF8*$!
{
	archiveVersion = 1;
	classes = {
	};
	objectVersion = 46;
	objects = {

/* Begin PBXBuildFile section */
		AB6382971C7BE88900B9130B /* AudioTools.m in Sources */ = {isa = PBXBuildFile; fileRef = AB63823B1C7BE88900B9130B /* AudioTools.m */; };
		AB6382981C7BE88900B9130B /* CoreStatus.m in Sources */ = {isa = PBXBuildFile; fileRef = AB63823E1C7BE88900B9130B /* CoreStatus.m */; };
		AB6382991C7BE88900B9130B /* Reachability.m in Sources */ = {isa = PBXBuildFile; fileRef = AB6382411C7BE88900B9130B /* Reachability.m */; };
		AB63829A1C7BE88900B9130B /* NSArray+Log.m in Sources */ = {isa = PBXBuildFile; fileRef = AB6382441C7BE88900B9130B /* NSArray+Log.m */; };
		AB63829B1C7BE88900B9130B /* NSDictionary+LogProperty.m in Sources */ = {isa = PBXBuildFile; fileRef = AB6382471C7BE88900B9130B /* NSDictionary+LogProperty.m */; };
		AB63829C1C7BE88900B9130B /* NSObject+Attribute.m in Sources */ = {isa = PBXBuildFile; fileRef = AB63824A1C7BE88900B9130B /* NSObject+Attribute.m */; };
		AB63829D1C7BE88900B9130B /* NSObject+Model.m in Sources */ = {isa = PBXBuildFile; fileRef = AB63824D1C7BE88900B9130B /* NSObject+Model.m */; };
		AB63829E1C7BE88900B9130B /* NSString+Base64.m in Sources */ = {isa = PBXBuildFile; fileRef = AB6382501C7BE88900B9130B /* NSString+Base64.m */; };
		AB63829F1C7BE88900B9130B /* NSURL+MIMEType.m in Sources */ = {isa = PBXBuildFile; fileRef = AB6382531C7BE88900B9130B /* NSURL+MIMEType.m */; };
		AB6382A01C7BE88900B9130B /* NSURLConnection+NetWork.m in Sources */ = {isa = PBXBuildFile; fileRef = AB6382561C7BE88900B9130B /* NSURLConnection+NetWork.m */; };
		AB6382A11C7BE88900B9130B /* NSURLSession+NetWorking.m in Sources */ = {isa = PBXBuildFile; fileRef = AB6382591C7BE88900B9130B /* NSURLSession+NetWorking.m */; };
		AB6382A21C7BE88900B9130B /* RecorderTools.m in Sources */ = {isa = PBXBuildFile; fileRef = AB63825C1C7BE88900B9130B /* RecorderTools.m */; };
		AB6382A31C7BE88900B9130B /* SandBoxPaths.m in Sources */ = {isa = PBXBuildFile; fileRef = AB63825F1C7BE88900B9130B /* SandBoxPaths.m */; };
		AB6382A41C7BE88900B9130B /* NSString+Hash.m in Sources */ = {isa = PBXBuildFile; fileRef = AB6382621C7BE88900B9130B /* NSString+Hash.m */; };
		AB6382A51C7BE88900B9130B /* SSKeychain.strings in Resources */ = {isa = PBXBuildFile; fileRef = AB6382641C7BE88900B9130B /* SSKeychain.strings */; };
		AB6382A61C7BE88900B9130B /* SSKeychain.m in Sources */ = {isa = PBXBuildFile; fileRef = AB6382671C7BE88900B9130B /* SSKeychain.m */; };
		AB6382A71C7BE88900B9130B /* SSKeychainQuery.m in Sources */ = {isa = PBXBuildFile; fileRef = AB6382691C7BE88900B9130B /* SSKeychainQuery.m */; };
		AB6382A81C7BE88900B9130B /* SoundTools.m in Sources */ = {isa = PBXBuildFile; fileRef = AB63826E1C7BE88900B9130B /* SoundTools.m */; };
		AB6382A91C7BE88900B9130B /* UIImage+Color.m in Sources */ = {isa = PBXBuildFile; fileRef = AB6382731C7BE88900B9130B /* UIImage+Color.m */; };
		AB6382AA1C7BE88900B9130B /* UIImage+GetColor.m in Sources */ = {isa = PBXBuildFile; fileRef = AB6382761C7BE88900B9130B /* UIImage+GetColor.m */; };
		AB6382AB1C7BE88900B9130B /* UIImage+icon.m in Sources */ = {isa = PBXBuildFile; fileRef = AB6382791C7BE88900B9130B /* UIImage+icon.m */; };
		AB6382AC1C7BE88900B9130B /* UIImage+Logo.m in Sources */ = {isa = PBXBuildFile; fileRef = AB63827C1C7BE88900B9130B /* UIImage+Logo.m */; };
		AB6382AD1C7BE88900B9130B /* UIImage+Create.m in Sources */ = {isa = PBXBuildFile; fileRef = AB63827F1C7BE88900B9130B /* UIImage+Create.m */; };
		AB6382AE1C7BE88900B9130B /* UIImage+Rendering.m in Sources */ = {isa = PBXBuildFile; fileRef = AB6382821C7BE88900B9130B /* UIImage+Rendering.m */; };
		AB6382AF1C7BE88900B9130B /* UIImage+Stretch.m in Sources */ = {isa = PBXBuildFile; fileRef = AB6382851C7BE88900B9130B /* UIImage+Stretch.m */; };
		AB6382B01C7BE88900B9130B /* UIImage+View.m in Sources */ = {isa = PBXBuildFile; fileRef = AB6382881C7BE88900B9130B /* UIImage+View.m */; };
		AB6382B11C7BE88900B9130B /* UINavigationController+Animation.m in Sources */ = {isa = PBXBuildFile; fileRef = AB63828B1C7BE88900B9130B /* UINavigationController+Animation.m */; };
		AB6382B21C7BE88900B9130B /* UIView+CAAnimation.m in Sources */ = {isa = PBXBuildFile; fileRef = AB63828D1C7BE88900B9130B /* UIView+CAAnimation.m */; };
		AB6382B31C7BE88900B9130B /* UIView+CAAnimation.m in Sources */ = {isa = PBXBuildFile; fileRef = AB6382901C7BE88900B9130B /* UIView+CAAnimation.m */; };
		AB6382B41C7BE88900B9130B /* UIView+Frame.m in Sources */ = {isa = PBXBuildFile; fileRef = AB6382931C7BE88900B9130B /* UIView+Frame.m */; };
		AB6382B51C7BE88900B9130B /* UIView+Spring.m in Sources */ = {isa = PBXBuildFile; fileRef = AB6382961C7BE88900B9130B /* UIView+Spring.m */; };
		AB8046241C7BE709000A2708 /* main.m in Sources */ = {isa = PBXBuildFile; fileRef = AB8046231C7BE709000A2708 /* main.m */; };
		AB8046271C7BE709000A2708 /* AppDelegate.m in Sources */ = {isa = PBXBuildFile; fileRef = AB8046261C7BE709000A2708 /* AppDelegate.m */; };
		AB80462A1C7BE709000A2708 /* ViewController.m in Sources */ = {isa = PBXBuildFile; fileRef = AB8046291C7BE709000A2708 /* ViewController.m */; };
		AB80462D1C7BE709000A2708 /* Main.storyboard in Resources */ = {isa = PBXBuildFile; fileRef = AB80462B1C7BE709000A2708 /* Main.storyboard */; };
		AB80462F1C7BE709000A2708 /* Assets.xcassets in Resources */ = {isa = PBXBuildFile; fileRef = AB80462E1C7BE709000A2708 /* Assets.xcassets */; };
		AB8046321C7BE709000A2708 /* LaunchScreen.storyboard in Resources */ = {isa = PBXBuildFile; fileRef = AB8046301C7BE709000A2708 /* LaunchScreen.storyboard */; };
		AB80463D1C7BE70A000A2708 /* ExtensionDemoTests.m in Sources */ = {isa = PBXBuildFile; fileRef = AB80463C1C7BE70A000A2708 /* ExtensionDemoTests.m */; };
		AB8046481C7BE70A000A2708 /* ExtensionDemoUITests.m in Sources */ = {isa = PBXBuildFile; fileRef = AB8046471C7BE70A000A2708 /* ExtensionDemoUITests.m */; };
/* End PBXBuildFile section */

/* Begin PBXContainerItemProxy section */
		AB8046391C7BE70A000A2708 /* PBXContainerItemProxy */ = {
			isa = PBXContainerItemProxy;
			containerPortal = AB8046171C7BE709000A2708 /* Project object */;
			proxyType = 1;
			remoteGlobalIDString = AB80461E1C7BE709000A2708;
			remoteInfo = ExtensionDemo;
		};
		AB8046441C7BE70A000A2708 /* PBXContainerItemProxy */ = {
			isa = PBXContainerItemProxy;
			containerPortal = AB8046171C7BE709000A2708 /* Project object */;
			proxyType = 1;
			remoteGlobalIDString = AB80461E1C7BE709000A2708;
			remoteInfo = ExtensionDemo;
		};
/* End PBXContainerItemProxy section */

/* Begin PBXFileReference section */
		AB63823A1C7BE88900B9130B /* AudioTools.h */ = {isa = PBXFileReference; fileEncoding = 4; lastKnownFileType = sourcecode.c.h; path = AudioTools.h; sourceTree = "<group>"; };
		AB63823B1C7BE88900B9130B /* AudioTools.m */ = {isa = PBXFileReference; fileEncoding = 4; lastKnownFileType = sourcecode.c.objc; path = AudioTools.m; sourceTree = "<group>"; };
		AB63823D1C7BE88900B9130B /* CoreStatus.h */ = {isa = PBXFileReference; fileEncoding = 4; lastKnownFileType = sourcecode.c.h; path = CoreStatus.h; sourceTree = "<group>"; };
		AB63823E1C7BE88900B9130B /* CoreStatus.m */ = {isa = PBXFileReference; fileEncoding = 4; lastKnownFileType = sourcecode.c.objc; path = CoreStatus.m; sourceTree = "<group>"; };
		AB6382401C7BE88900B9130B /* Reachability.h */ = {isa = PBXFileReference; fileEncoding = 4; lastKnownFileType = sourcecode.c.h; path = Reachability.h; sourceTree = "<group>"; };
		AB6382411C7BE88900B9130B /* Reachability.m */ = {isa = PBXFileReference; fileEncoding = 4; lastKnownFileType = sourcecode.c.objc; path = Reachability.m; sourceTree = "<group>"; };
		AB6382431C7BE88900B9130B /* NSArray+Log.h */ = {isa = PBXFileReference; fileEncoding = 4; lastKnownFileType = sourcecode.c.h; path = "NSArray+Log.h"; sourceTree = "<group>"; };
		AB6382441C7BE88900B9130B /* NSArray+Log.m */ = {isa = PBXFileReference; fileEncoding = 4; lastKnownFileType = sourcecode.c.objc; path = "NSArray+Log.m"; sourceTree = "<group>"; };
		AB6382461C7BE88900B9130B /* NSDictionary+LogProperty.h */ = {isa = PBXFileReference; fileEncoding = 4; lastKnownFileType = sourcecode.c.h; path = "NSDictionary+LogProperty.h"; sourceTree = "<group>"; };
		AB6382471C7BE88900B9130B /* NSDictionary+LogProperty.m */ = {isa = PBXFileReference; fileEncoding = 4; lastKnownFileType = sourcecode.c.objc; path = "NSDictionary+LogProperty.m"; sourceTree = "<group>"; };
		AB6382491C7BE88900B9130B /* NSObject+Attribute.h */ = {isa = PBXFileReference; fileEncoding = 4; lastKnownFileType = sourcecode.c.h; path = "NSObject+Attribute.h"; sourceTree = "<group>"; };
		AB63824A1C7BE88900B9130B /* NSObject+Attribute.m */ = {isa = PBXFileReference; fileEncoding = 4; lastKnownFileType = sourcecode.c.objc; path = "NSObject+Attribute.m"; sourceTree = "<group>"; };
		AB63824C1C7BE88900B9130B /* NSObject+Model.h */ = {isa = PBXFileReference; fileEncoding = 4; lastKnownFileType = sourcecode.c.h; path = "NSObject+Model.h"; sourceTree = "<group>"; };
		AB63824D1C7BE88900B9130B /* NSObject+Model.m */ = {isa = PBXFileReference; fileEncoding = 4; lastKnownFileType = sourcecode.c.objc; path = "NSObject+Model.m"; sourceTree = "<group>"; };
		AB63824F1C7BE88900B9130B /* NSString+Base64.h */ = {isa = PBXFileReference; fileEncoding = 4; lastKnownFileType = sourcecode.c.h; path = "NSString+Base64.h"; sourceTree = "<group>"; };
		AB6382501C7BE88900B9130B /* NSString+Base64.m */ = {isa = PBXFileReference; fileEncoding = 4; lastKnownFileType = sourcecode.c.objc; path = "NSString+Base64.m"; sourceTree = "<group>"; };
		AB6382521C7BE88900B9130B /* NSURL+MIMEType.h */ = {isa = PBXFileReference; fileEncoding = 4; lastKnownFileType = sourcecode.c.h; path = "NSURL+MIMEType.h"; sourceTree = "<group>"; };
		AB6382531C7BE88900B9130B /* NSURL+MIMEType.m */ = {isa = PBXFileReference; fileEncoding = 4; lastKnownFileType = sourcecode.c.objc; path = "NSURL+MIMEType.m"; sourceTree = "<group>"; };
		AB6382551C7BE88900B9130B /* NSURLConnection+NetWork.h */ = {isa = PBXFileReference; fileEncoding = 4; lastKnownFileType = sourcecode.c.h; path = "NSURLConnection+NetWork.h"; sourceTree = "<group>"; };
		AB6382561C7BE88900B9130B /* NSURLConnection+NetWork.m */ = {isa = PBXFileReference; fileEncoding = 4; lastKnownFileType = sourcecode.c.objc; path = "NSURLConnection+NetWork.m"; sourceTree = "<group>"; };
		AB6382581C7BE88900B9130B /* NSURLSession+NetWorking.h */ = {isa = PBXFileReference; fileEncoding = 4; lastKnownFileType = sourcecode.c.h; path = "NSURLSession+NetWorking.h"; sourceTree = "<group>"; };
		AB6382591C7BE88900B9130B /* NSURLSession+NetWorking.m */ = {isa = PBXFileReference; fileEncoding = 4; lastKnownFileType = sourcecode.c.objc; path = "NSURLSession+NetWorking.m"; sourceTree = "<group>"; };
		AB63825B1C7BE88900B9130B /* RecorderTools.h */ = {isa = PBXFileReference; fileEncoding = 4; lastKnownFileType = sourcecode.c.h; path = RecorderTools.h; sourceTree = "<group>"; };
		AB63825C1C7BE88900B9130B /* RecorderTools.m */ = {isa = PBXFileReference; fileEncoding = 4; lastKnownFileType = sourcecode.c.objc; path = RecorderTools.m; sourceTree = "<group>"; };
		AB63825E1C7BE88900B9130B /* SandBoxPaths.h */ = {isa = PBXFileReference; fileEncoding = 4; lastKnownFileType = sourcecode.c.h; path = SandBoxPaths.h; sourceTree = "<group>"; };
		AB63825F1C7BE88900B9130B /* SandBoxPaths.m */ = {isa = PBXFileReference; fileEncoding = 4; lastKnownFileType = sourcecode.c.objc; path = SandBoxPaths.m; sourceTree = "<group>"; };
		AB6382611C7BE88900B9130B /* NSString+Hash.h */ = {isa = PBXFileReference; fileEncoding = 4; lastKnownFileType = sourcecode.c.h; path = "NSString+Hash.h"; sourceTree = "<group>"; };
		AB6382621C7BE88900B9130B /* NSString+Hash.m */ = {isa = PBXFileReference; fileEncoding = 4; lastKnownFileType = sourcecode.c.objc; path = "NSString+Hash.m"; sourceTree = "<group>"; };
		AB6382651C7BE88900B9130B /* en */ = {isa = PBXFileReference; lastKnownFileType = text.plist.strings; name = en; path = en.lproj/SSKeychain.strings; sourceTree = "<group>"; };
		AB6382661C7BE88900B9130B /* SSKeychain.h */ = {isa = PBXFileReference; fileEncoding = 4; lastKnownFileType = sourcecode.c.h; path = SSKeychain.h; sourceTree = "<group>"; };
		AB6382671C7BE88900B9130B /* SSKeychain.m */ = {isa = PBXFileReference; fileEncoding = 4; lastKnownFileType = sourcecode.c.objc; path = SSKeychain.m; sourceTree = "<group>"; };
		AB6382681C7BE88900B9130B /* SSKeychainQuery.h */ = {isa = PBXFileReference; fileEncoding = 4; lastKnownFileType = sourcecode.c.h; path = SSKeychainQuery.h; sourceTree = "<group>"; };
		AB6382691C7BE88900B9130B /* SSKeychainQuery.m */ = {isa = PBXFileReference; fileEncoding = 4; lastKnownFileType = sourcecode.c.objc; path = SSKeychainQuery.m; sourceTree = "<group>"; };
		AB63826B1C7BE88900B9130B /* Single.h */ = {isa = PBXFileReference; fileEncoding = 4; lastKnownFileType = sourcecode.c.h; path = Single.h; sourceTree = "<group>"; };
		AB63826D1C7BE88900B9130B /* SoundTools.h */ = {isa = PBXFileReference; fileEncoding = 4; lastKnownFileType = sourcecode.c.h; path = SoundTools.h; sourceTree = "<group>"; };
		AB63826E1C7BE88900B9130B /* SoundTools.m */ = {isa = PBXFileReference; fileEncoding = 4; lastKnownFileType = sourcecode.c.objc; path = SoundTools.m; sourceTree = "<group>"; };
		AB6382701C7BE88900B9130B /* UIColor+Random.h */ = {isa = PBXFileReference; fileEncoding = 4; lastKnownFileType = sourcecode.c.h; path = "UIColor+Random.h"; sourceTree = "<group>"; };
		AB6382721C7BE88900B9130B /* UIImage+Color.h */ = {isa = PBXFileReference; fileEncoding = 4; lastKnownFileType = sourcecode.c.h; path = "UIImage+Color.h"; sourceTree = "<group>"; };
		AB6382731C7BE88900B9130B /* UIImage+Color.m */ = {isa = PBXFileReference; fileEncoding = 4; lastKnownFileType = sourcecode.c.objc; path = "UIImage+Color.m"; sourceTree = "<group>"; };
		AB6382751C7BE88900B9130B /* UIImage+GetColor.h */ = {isa = PBXFileReference; fileEncoding = 4; lastKnownFileType = sourcecode.c.h; path = "UIImage+GetColor.h"; sourceTree = "<group>"; };
		AB6382761C7BE88900B9130B /* UIImage+GetColor.m */ = {isa = PBXFileReference; fileEncoding = 4; lastKnownFileType = sourcecode.c.objc; path = "UIImage+GetColor.m"; sourceTree = "<group>"; };
		AB6382781C7BE88900B9130B /* UIImage+icon.h */ = {isa = PBXFileReference; fileEncoding = 4; lastKnownFileType = sourcecode.c.h; path = "UIImage+icon.h"; sourceTree = "<group>"; };
		AB6382791C7BE88900B9130B /* UIImage+icon.m */ = {isa = PBXFileReference; fileEncoding = 4; lastKnownFileType = sourcecode.c.objc; path = "UIImage+icon.m"; sourceTree = "<group>"; };
		AB63827B1C7BE88900B9130B /* UIImage+Logo.h */ = {isa = PBXFileReference; fileEncoding = 4; lastKnownFileType = sourcecode.c.h; path = "UIImage+Logo.h"; sourceTree = "<group>"; };
		AB63827C1C7BE88900B9130B /* UIImage+Logo.m */ = {isa = PBXFileReference; fileEncoding = 4; lastKnownFileType = sourcecode.c.objc; path = "UIImage+Logo.m"; sourceTree = "<group>"; };
		AB63827E1C7BE88900B9130B /* UIImage+Create.h */ = {isa = PBXFileReference; fileEncoding = 4; lastKnownFileType = sourcecode.c.h; path = "UIImage+Create.h"; sourceTree = "<group>"; };
		AB63827F1C7BE88900B9130B /* UIImage+Create.m */ = {isa = PBXFileReference; fileEncoding = 4; lastKnownFileType = sourcecode.c.objc; path = "UIImage+Create.m"; sourceTree = "<group>"; };
		AB6382811C7BE88900B9130B /* UIImage+Rendering.h */ = {isa = PBXFileReference; fileEncoding = 4; lastKnownFileType = sourcecode.c.h; path = "UIImage+Rendering.h"; sourceTree = "<group>"; };
		AB6382821C7BE88900B9130B /* UIImage+Rendering.m */ = {isa = PBXFileReference; fileEncoding = 4; lastKnownFileType = sourcecode.c.objc; path = "UIImage+Rendering.m"; sourceTree = "<group>"; };
		AB6382841C7BE88900B9130B /* UIImage+Stretch.h */ = {isa = PBXFileReference; fileEncoding = 4; lastKnownFileType = sourcecode.c.h; path = "UIImage+Stretch.h"; sourceTree = "<group>"; };
		AB6382851C7BE88900B9130B /* UIImage+Stretch.m */ = {isa = PBXFileReference; fileEncoding = 4; lastKnownFileType = sourcecode.c.objc; path = "UIImage+Stretch.m"; sourceTree = "<group>"; };
		AB6382871C7BE88900B9130B /* UIImage+View.h */ = {isa = PBXFileReference; fileEncoding = 4; lastKnownFileType = sourcecode.c.h; path = "UIImage+View.h"; sourceTree = "<group>"; };
		AB6382881C7BE88900B9130B /* UIImage+View.m */ = {isa = PBXFileReference; fileEncoding = 4; lastKnownFileType = sourcecode.c.objc; path = "UIImage+View.m"; sourceTree = "<group>"; };
		AB63828A1C7BE88900B9130B /* UINavigationController+Animation.h */ = {isa = PBXFileReference; fileEncoding = 4; lastKnownFileType = sourcecode.c.h; path = "UINavigationController+Animation.h"; sourceTree = "<group>"; };
		AB63828B1C7BE88900B9130B /* UINavigationController+Animation.m */ = {isa = PBXFileReference; fileEncoding = 4; lastKnownFileType = sourcecode.c.objc; path = "UINavigationController+Animation.m"; sourceTree = "<group>"; };
		AB63828C1C7BE88900B9130B /* UIView+CAAnimation.h */ = {isa = PBXFileReference; fileEncoding = 4; lastKnownFileType = sourcecode.c.h; path = "UIView+CAAnimation.h"; sourceTree = "<group>"; };
		AB63828D1C7BE88900B9130B /* UIView+CAAnimation.m */ = {isa = PBXFileReference; fileEncoding = 4; lastKnownFileType = sourcecode.c.objc; path = "UIView+CAAnimation.m"; sourceTree = "<group>"; };
		AB63828F1C7BE88900B9130B /* UIView+CAAnimation.h */ = {isa = PBXFileReference; fileEncoding = 4; lastKnownFileType = sourcecode.c.h; path = "UIView+CAAnimation.h"; sourceTree = "<group>"; };
		AB6382901C7BE88900B9130B /* UIView+CAAnimation.m */ = {isa = PBXFileReference; fileEncoding = 4; lastKnownFileType = sourcecode.c.objc; path = "UIView+CAAnimation.m"; sourceTree = "<group>"; };
		AB6382921C7BE88900B9130B /* UIView+Frame.h */ = {isa = PBXFileReference; fileEncoding = 4; lastKnownFileType = sourcecode.c.h; path = "UIView+Frame.h"; sourceTree = "<group>"; };
		AB6382931C7BE88900B9130B /* UIView+Frame.m */ = {isa = PBXFileReference; fileEncoding = 4; lastKnownFileType = sourcecode.c.objc; path = "UIView+Frame.m"; sourceTree = "<group>"; };
		AB6382951C7BE88900B9130B /* UIView+Spring.h */ = {isa = PBXFileReference; fileEncoding = 4; lastKnownFileType = sourcecode.c.h; path = "UIView+Spring.h"; sourceTree = "<group>"; };
		AB6382961C7BE88900B9130B /* UIView+Spring.m */ = {isa = PBXFileReference; fileEncoding = 4; lastKnownFileType = sourcecode.c.objc; path = "UIView+Spring.m"; sourceTree = "<group>"; };
		AB80461F1C7BE709000A2708 /* ExtensionDemo.app */ = {isa = PBXFileReference; explicitFileType = wrapper.application; includeInIndex = 0; path = ExtensionDemo.app; sourceTree = BUILT_PRODUCTS_DIR; };
		AB8046231C7BE709000A2708 /* main.m */ = {isa = PBXFileReference; lastKnownFileType = sourcecode.c.objc; path = main.m; sourceTree = "<group>"; };
		AB8046251C7BE709000A2708 /* AppDelegate.h */ = {isa = PBXFileReference; lastKnownFileType = sourcecode.c.h; path = AppDelegate.h; sourceTree = "<group>"; };
		AB8046261C7BE709000A2708 /* AppDelegate.m */ = {isa = PBXFileReference; lastKnownFileType = sourcecode.c.objc; path = AppDelegate.m; sourceTree = "<group>"; };
		AB8046281C7BE709000A2708 /* ViewController.h */ = {isa = PBXFileReference; lastKnownFileType = sourcecode.c.h; path = ViewController.h; sourceTree = "<group>"; };
		AB8046291C7BE709000A2708 /* ViewController.m */ = {isa = PBXFileReference; lastKnownFileType = sourcecode.c.objc; path = ViewController.m; sourceTree = "<group>"; };
		AB80462C1C7BE709000A2708 /* Base */ = {isa = PBXFileReference; lastKnownFileType = file.storyboard; name = Base; path = Base.lproj/Main.storyboard; sourceTree = "<group>"; };
		AB80462E1C7BE709000A2708 /* Assets.xcassets */ = {isa = PBXFileReference; lastKnownFileType = folder.assetcatalog; path = Assets.xcassets; sourceTree = "<group>"; };
		AB8046311C7BE709000A2708 /* Base */ = {isa = PBXFileReference; lastKnownFileType = file.storyboard; name = Base; path = Base.lproj/LaunchScreen.storyboard; sourceTree = "<group>"; };
		AB8046331C7BE709000A2708 /* Info.plist */ = {isa = PBXFileReference; lastKnownFileType = text.plist.xml; path = Info.plist; sourceTree = "<group>"; };
		AB8046381C7BE70A000A2708 /* ExtensionDemoTests.xctest */ = {isa = PBXFileReference; explicitFileType = wrapper.cfbundle; includeInIndex = 0; path = ExtensionDemoTests.xctest; sourceTree = BUILT_PRODUCTS_DIR; };
		AB80463C1C7BE70A000A2708 /* ExtensionDemoTests.m */ = {isa = PBXFileReference; lastKnownFileType = sourcecode.c.objc; path = ExtensionDemoTests.m; sourceTree = "<group>"; };
		AB80463E1C7BE70A000A2708 /* Info.plist */ = {isa = PBXFileReference; lastKnownFileType = text.plist.xml; path = Info.plist; sourceTree = "<group>"; };
		AB8046431C7BE70A000A2708 /* ExtensionDemoUITests.xctest */ = {isa = PBXFileReference; explicitFileType = wrapper.cfbundle; includeInIndex = 0; path = ExtensionDemoUITests.xctest; sourceTree = BUILT_PRODUCTS_DIR; };
		AB8046471C7BE70A000A2708 /* ExtensionDemoUITests.m */ = {isa = PBXFileReference; lastKnownFileType = sourcecode.c.objc; path = ExtensionDemoUITests.m; sourceTree = "<group>"; };
		AB8046491C7BE70A000A2708 /* Info.plist */ = {isa = PBXFileReference; lastKnownFileType = text.plist.xml; path = Info.plist; sourceTree = "<group>"; };
/* End PBXFileReference section */

/* Begin PBXFrameworksBuildPhase section */
		AB80461C1C7BE709000A2708 /* Frameworks */ = {
			isa = PBXFrameworksBuildPhase;
			buildActionMask = 2147483647;
			files = (
			);
			runOnlyForDeploymentPostprocessing = 0;
		};
		AB8046351C7BE70A000A2708 /* Frameworks */ = {
			isa = PBXFrameworksBuildPhase;
			buildActionMask = 2147483647;
			files = (
			);
			runOnlyForDeploymentPostprocessing = 0;
		};
		AB8046401C7BE70A000A2708 /* Frameworks */ = {
			isa = PBXFrameworksBuildPhase;
			buildActionMask = 2147483647;
			files = (
			);
			runOnlyForDeploymentPostprocessing = 0;
		};
/* End PBXFrameworksBuildPhase section */

/* Begin PBXGroup section */
		AB6382381C7BE88900B9130B /* Extension */ = {
			isa = PBXGroup;
			children = (
				AB6382391C7BE88900B9130B /* AudioTools */,
				AB63823C1C7BE88900B9130B /* CoreStatus(信号检测) */,
				AB6382421C7BE88900B9130B /* NSArray(Log) */,
				AB6382451C7BE88900B9130B /* NSDictionary(LogProperty) */,
				AB6382481C7BE88900B9130B /* NSObject(Attribute) */,
				AB63824B1C7BE88900B9130B /* NSObject(Model) */,
				AB63824E1C7BE88900B9130B /* NSString(Base64) */,
				AB6382511C7BE88900B9130B /* NSURL(MIMEType) */,
				AB6382541C7BE88900B9130B /* NSURLConnection(NetWork) */,
				AB6382571C7BE88900B9130B /* NSURLSession(NetWork) */,
				AB63825A1C7BE88900B9130B /* RecorderTools */,
				AB63825D1C7BE88900B9130B /* SandBoxPaths */,
				AB6382601C7BE88900B9130B /* Security(MD5) */,
				AB63826A1C7BE88900B9130B /* Single */,
				AB63826C1C7BE88900B9130B /* SoundTools */,
				AB63826F1C7BE88900B9130B /* UIColor(Random) */,
				AB6382711C7BE88900B9130B /* UIImage(Color) */,
				AB6382741C7BE88900B9130B /* UIImage(GetColor) */,
				AB6382771C7BE88900B9130B /* UIImage(Icon) */,
				AB63827A1C7BE88900B9130B /* UIImage(Logo) */,
				AB63827D1C7BE88900B9130B /* UIImage(reate) */,
				AB6382801C7BE88900B9130B /* UIImage(Rendering) */,
				AB6382831C7BE88900B9130B /* UIImage(Stretch) */,
				AB6382861C7BE88900B9130B /* UIImage(View) */,
				AB6382891C7BE88900B9130B /* UINavigationController (Animation) */,
				AB63828E1C7BE88900B9130B /* UIView(CAAnimation) */,
				AB6382911C7BE88900B9130B /* UIView(Frame) */,
				AB6382941C7BE88900B9130B /* UIView(Spring) */,
			);
			path = Extension;
			sourceTree = "<group>";
		};
		AB6382391C7BE88900B9130B /* AudioTools */ = {
			isa = PBXGroup;
			children = (
				AB63823A1C7BE88900B9130B /* AudioTools.h */,
				AB63823B1C7BE88900B9130B /* AudioTools.m */,
			);
			path = AudioTools;
			sourceTree = "<group>";
		};
		AB63823C1C7BE88900B9130B /* CoreStatus(信号检测) */ = {
			isa = PBXGroup;
			children = (
				AB63823D1C7BE88900B9130B /* CoreStatus.h */,
				AB63823E1C7BE88900B9130B /* CoreStatus.m */,
				AB63823F1C7BE88900B9130B /* Reachability */,
			);
			path = "CoreStatus(信号检测)";
			sourceTree = "<group>";
		};
		AB63823F1C7BE88900B9130B /* Reachability */ = {
			isa = PBXGroup;
			children = (
				AB6382401C7BE88900B9130B /* Reachability.h */,
				AB6382411C7BE88900B9130B /* Reachability.m */,
			);
			path = Reachability;
			sourceTree = "<group>";
		};
		AB6382421C7BE88900B9130B /* NSArray(Log) */ = {
			isa = PBXGroup;
			children = (
				AB6382431C7BE88900B9130B /* NSArray+Log.h */,
				AB6382441C7BE88900B9130B /* NSArray+Log.m */,
			);
			path = "NSArray(Log)";
			sourceTree = "<group>";
		};
		AB6382451C7BE88900B9130B /* NSDictionary(LogProperty) */ = {
			isa = PBXGroup;
			children = (
				AB6382461C7BE88900B9130B /* NSDictionary+LogProperty.h */,
				AB6382471C7BE88900B9130B /* NSDictionary+LogProperty.m */,
			);
			path = "NSDictionary(LogProperty)";
			sourceTree = "<group>";
		};
		AB6382481C7BE88900B9130B /* NSObject(Attribute) */ = {
			isa = PBXGroup;
			children = (
				AB6382491C7BE88900B9130B /* NSObject+Attribute.h */,
				AB63824A1C7BE88900B9130B /* NSObject+Attribute.m */,
			);
			path = "NSObject(Attribute)";
			sourceTree = "<group>";
		};
		AB63824B1C7BE88900B9130B /* NSObject(Model) */ = {
			isa = PBXGroup;
			children = (
				AB63824C1C7BE88900B9130B /* NSObject+Model.h */,
				AB63824D1C7BE88900B9130B /* NSObject+Model.m */,
			);
			path = "NSObject(Model)";
			sourceTree = "<group>";
		};
		AB63824E1C7BE88900B9130B /* NSString(Base64) */ = {
			isa = PBXGroup;
			children = (
				AB63824F1C7BE88900B9130B /* NSString+Base64.h */,
				AB6382501C7BE88900B9130B /* NSString+Base64.m */,
			);
			path = "NSString(Base64)";
			sourceTree = "<group>";
		};
		AB6382511C7BE88900B9130B /* NSURL(MIMEType) */ = {
			isa = PBXGroup;
			children = (
				AB6382521C7BE88900B9130B /* NSURL+MIMEType.h */,
				AB6382531C7BE88900B9130B /* NSURL+MIMEType.m */,
			);
			path = "NSURL(MIMEType)";
			sourceTree = "<group>";
		};
		AB6382541C7BE88900B9130B /* NSURLConnection(NetWork) */ = {
			isa = PBXGroup;
			children = (
				AB6382551C7BE88900B9130B /* NSURLConnection+NetWork.h */,
				AB6382561C7BE88900B9130B /* NSURLConnection+NetWork.m */,
			);
			path = "NSURLConnection(NetWork)";
			sourceTree = "<group>";
		};
		AB6382571C7BE88900B9130B /* NSURLSession(NetWork) */ = {
			isa = PBXGroup;
			children = (
				AB6382581C7BE88900B9130B /* NSURLSession+NetWorking.h */,
				AB6382591C7BE88900B9130B /* NSURLSession+NetWorking.m */,
			);
			path = "NSURLSession(NetWork)";
			sourceTree = "<group>";
		};
		AB63825A1C7BE88900B9130B /* RecorderTools */ = {
			isa = PBXGroup;
			children = (
				AB63825B1C7BE88900B9130B /* RecorderTools.h */,
				AB63825C1C7BE88900B9130B /* RecorderTools.m */,
			);
			path = RecorderTools;
			sourceTree = "<group>";
		};
		AB63825D1C7BE88900B9130B /* SandBoxPaths */ = {
			isa = PBXGroup;
			children = (
				AB63825E1C7BE88900B9130B /* SandBoxPaths.h */,
				AB63825F1C7BE88900B9130B /* SandBoxPaths.m */,
			);
			path = SandBoxPaths;
			sourceTree = "<group>";
		};
		AB6382601C7BE88900B9130B /* Security(MD5) */ = {
			isa = PBXGroup;
			children = (
				AB6382611C7BE88900B9130B /* NSString+Hash.h */,
				AB6382621C7BE88900B9130B /* NSString+Hash.m */,
				AB6382631C7BE88900B9130B /* SSKeychain */,
			);
			path = "Security(MD5)";
			sourceTree = "<group>";
		};
		AB6382631C7BE88900B9130B /* SSKeychain */ = {
			isa = PBXGroup;
			children = (
				AB6382641C7BE88900B9130B /* SSKeychain.strings */,
				AB6382661C7BE88900B9130B /* SSKeychain.h */,
				AB6382671C7BE88900B9130B /* SSKeychain.m */,
				AB6382681C7BE88900B9130B /* SSKeychainQuery.h */,
				AB6382691C7BE88900B9130B /* SSKeychainQuery.m */,
			);
			path = SSKeychain;
			sourceTree = "<group>";
		};
		AB63826A1C7BE88900B9130B /* Single */ = {
			isa = PBXGroup;
			children = (
				AB63826B1C7BE88900B9130B /* Single.h */,
			);
			path = Single;
			sourceTree = "<group>";
		};
		AB63826C1C7BE88900B9130B /* SoundTools */ = {
			isa = PBXGroup;
			children = (
				AB63826D1C7BE88900B9130B /* SoundTools.h */,
				AB63826E1C7BE88900B9130B /* SoundTools.m */,
			);
			path = SoundTools;
			sourceTree = "<group>";
		};
		AB63826F1C7BE88900B9130B /* UIColor(Random) */ = {
			isa = PBXGroup;
			children = (
				AB6382701C7BE88900B9130B /* UIColor+Random.h */,
			);
			path = "UIColor(Random)";
			sourceTree = "<group>";
		};
		AB6382711C7BE88900B9130B /* UIImage(Color) */ = {
			isa = PBXGroup;
			children = (
				AB6382721C7BE88900B9130B /* UIImage+Color.h */,
				AB6382731C7BE88900B9130B /* UIImage+Color.m */,
			);
			path = "UIImage(Color)";
			sourceTree = "<group>";
		};
		AB6382741C7BE88900B9130B /* UIImage(GetColor) */ = {
			isa = PBXGroup;
			children = (
				AB6382751C7BE88900B9130B /* UIImage+GetColor.h */,
				AB6382761C7BE88900B9130B /* UIImage+GetColor.m */,
			);
			path = "UIImage(GetColor)";
			sourceTree = "<group>";
		};
		AB6382771C7BE88900B9130B /* UIImage(Icon) */ = {
			isa = PBXGroup;
			children = (
				AB6382781C7BE88900B9130B /* UIImage+icon.h */,
				AB6382791C7BE88900B9130B /* UIImage+icon.m */,
			);
			path = "UIImage(Icon)";
			sourceTree = "<group>";
		};
		AB63827A1C7BE88900B9130B /* UIImage(Logo) */ = {
			isa = PBXGroup;
			children = (
				AB63827B1C7BE88900B9130B /* UIImage+Logo.h */,
				AB63827C1C7BE88900B9130B /* UIImage+Logo.m */,
			);
			path = "UIImage(Logo)";
			sourceTree = "<group>";
		};
		AB63827D1C7BE88900B9130B /* UIImage(reate) */ = {
			isa = PBXGroup;
			children = (
				AB63827E1C7BE88900B9130B /* UIImage+Create.h */,
				AB63827F1C7BE88900B9130B /* UIImage+Create.m */,
			);
			path = "UIImage(reate)";
			sourceTree = "<group>";
		};
		AB6382801C7BE88900B9130B /* UIImage(Rendering) */ = {
			isa = PBXGroup;
			children = (
				AB6382811C7BE88900B9130B /* UIImage+Rendering.h */,
				AB6382821C7BE88900B9130B /* UIImage+Rendering.m */,
			);
			path = "UIImage(Rendering)";
			sourceTree = "<group>";
		};
		AB6382831C7BE88900B9130B /* UIImage(Stretch) */ = {
			isa = PBXGroup;
			children = (
				AB6382841C7BE88900B9130B /* UIImage+Stretch.h */,
				AB6382851C7BE88900B9130B /* UIImage+Stretch.m */,
			);
			path = "UIImage(Stretch)";
			sourceTree = "<group>";
		};
		AB6382861C7BE88900B9130B /* UIImage(View) */ = {
			isa = PBXGroup;
			children = (
				AB6382871C7BE88900B9130B /* UIImage+View.h */,
				AB6382881C7BE88900B9130B /* UIImage+View.m */,
			);
			path = "UIImage(View)";
			sourceTree = "<group>";
		};
		AB6382891C7BE88900B9130B /* UINavigationController (Animation) */ = {
			isa = PBXGroup;
			children = (
				AB63828A1C7BE88900B9130B /* UINavigationController+Animation.h */,
				AB63828B1C7BE88900B9130B /* UINavigationController+Animation.m */,
				AB63828C1C7BE88900B9130B /* UIView+CAAnimation.h */,
				AB63828D1C7BE88900B9130B /* UIView+CAAnimation.m */,
			);
			path = "UINavigationController (Animation)";
			sourceTree = "<group>";
		};
		AB63828E1C7BE88900B9130B /* UIView(CAAnimation) */ = {
			isa = PBXGroup;
			children = (
				AB63828F1C7BE88900B9130B /* UIView+CAAnimation.h */,
				AB6382901C7BE88900B9130B /* UIView+CAAnimation.m */,
			);
			path = "UIView(CAAnimation)";
			sourceTree = "<group>";
		};
		AB6382911C7BE88900B9130B /* UIView(Frame) */ = {
			isa = PBXGroup;
			children = (
				AB6382921C7BE88900B9130B /* UIView+Frame.h */,
				AB6382931C7BE88900B9130B /* UIView+Frame.m */,
			);
			path = "UIView(Frame)";
			sourceTree = "<group>";
		};
		AB6382941C7BE88900B9130B /* UIView(Spring) */ = {
			isa = PBXGroup;
			children = (
				AB6382951C7BE88900B9130B /* UIView+Spring.h */,
				AB6382961C7BE88900B9130B /* UIView+Spring.m */,
			);
			path = "UIView(Spring)";
			sourceTree = "<group>";
		};
		AB8046161C7BE709000A2708 = {
			isa = PBXGroup;
			children = (
				AB8046211C7BE709000A2708 /* ExtensionDemo */,
				AB80463B1C7BE70A000A2708 /* ExtensionDemoTests */,
				AB8046461C7BE70A000A2708 /* ExtensionDemoUITests */,
				AB8046201C7BE709000A2708 /* Products */,
			);
			sourceTree = "<group>";
		};
		AB8046201C7BE709000A2708 /* Products */ = {
			isa = PBXGroup;
			children = (
				AB80461F1C7BE709000A2708 /* ExtensionDemo.app */,
				AB8046381C7BE70A000A2708 /* ExtensionDemoTests.xctest */,
				AB8046431C7BE70A000A2708 /* ExtensionDemoUITests.xctest */,
			);
			name = Products;
			sourceTree = "<group>";
		};
		AB8046211C7BE709000A2708 /* ExtensionDemo */ = {
			isa = PBXGroup;
			children = (
				AB6382381C7BE88900B9130B /* Extension */,
				AB8046251C7BE709000A2708 /* AppDelegate.h */,
				AB8046261C7BE709000A2708 /* AppDelegate.m */,
				AB8046281C7BE709000A2708 /* ViewController.h */,
				AB8046291C7BE709000A2708 /* ViewController.m */,
				AB80462B1C7BE709000A2708 /* Main.storyboard */,
				AB80462E1C7BE709000A2708 /* Assets.xcassets */,
				AB8046301C7BE709000A2708 /* LaunchScreen.storyboard */,
				AB8046331C7BE709000A2708 /* Info.plist */,
				AB8046221C7BE709000A2708 /* Supporting Files */,
			);
			path = ExtensionDemo;
			sourceTree = "<group>";
		};
		AB8046221C7BE709000A2708 /* Supporting Files */ = {
			isa = PBXGroup;
			children = (
				AB8046231C7BE709000A2708 /* main.m */,
			);
			name = "Supporting Files";
			sourceTree = "<group>";
		};
		AB80463B1C7BE70A000A2708 /* ExtensionDemoTests */ = {
			isa = PBXGroup;
			children = (
				AB80463C1C7BE70A000A2708 /* ExtensionDemoTests.m */,
				AB80463E1C7BE70A000A2708 /* Info.plist */,
			);
			path = ExtensionDemoTests;
			sourceTree = "<group>";
		};
		AB8046461C7BE70A000A2708 /* ExtensionDemoUITests */ = {
			isa = PBXGroup;
			children = (
				AB8046471C7BE70A000A2708 /* ExtensionDemoUITests.m */,
				AB8046491C7BE70A000A2708 /* Info.plist */,
			);
			path = ExtensionDemoUITests;
			sourceTree = "<group>";
		};
/* End PBXGroup section */

/* Begin PBXNativeTarget section */
		AB80461E1C7BE709000A2708 /* ExtensionDemo */ = {
			isa = PBXNativeTarget;
			buildConfigurationList = AB80464C1C7BE70A000A2708 /* Build configuration list for PBXNativeTarget "ExtensionDemo" */;
			buildPhases = (
				AB80461B1C7BE709000A2708 /* Sources */,
				AB80461C1C7BE709000A2708 /* Frameworks */,
				AB80461D1C7BE709000A2708 /* Resources */,
			);
			buildRules = (
			);
			dependencies = (
			);
			name = ExtensionDemo;
			productName = ExtensionDemo;
			productReference = AB80461F1C7BE709000A2708 /* ExtensionDemo.app */;
			productType = "com.apple.product-type.application";
		};
		AB8046371C7BE70A000A2708 /* ExtensionDemoTests */ = {
			isa = PBXNativeTarget;
			buildConfigurationList = AB80464F1C7BE70A000A2708 /* Build configuration list for PBXNativeTarget "ExtensionDemoTests" */;
			buildPhases = (
				AB8046341C7BE70A000A2708 /* Sources */,
				AB8046351C7BE70A000A2708 /* Frameworks */,
				AB8046361C7BE70A000A2708 /* Resources */,
			);
			buildRules = (
			);
			dependencies = (
				AB80463A1C7BE70A000A2708 /* PBXTargetDependency */,
			);
			name = ExtensionDemoTests;
			productName = ExtensionDemoTests;
			productReference = AB8046381C7BE70A000A2708 /* ExtensionDemoTests.xctest */;
			productType = "com.apple.product-type.bundle.unit-test";
		};
		AB8046421C7BE70A000A2708 /* ExtensionDemoUITests */ = {
			isa = PBXNativeTarget;
			buildConfigurationList = AB8046521C7BE70A000A2708 /* Build configuration list for PBXNativeTarget "ExtensionDemoUITests" */;
			buildPhases = (
				AB80463F1C7BE70A000A2708 /* Sources */,
				AB8046401C7BE70A000A2708 /* Frameworks */,
				AB8046411C7BE70A000A2708 /* Resources */,
			);
			buildRules = (
			);
			dependencies = (
				AB8046451C7BE70A000A2708 /* PBXTargetDependency */,
			);
			name = ExtensionDemoUITests;
			productName = ExtensionDemoUITests;
			productReference = AB8046431C7BE70A000A2708 /* ExtensionDemoUITests.xctest */;
			productType = "com.apple.product-type.bundle.ui-testing";
		};
/* End PBXNativeTarget section */

/* Begin PBXProject section */
		AB8046171C7BE709000A2708 /* Project object */ = {
			isa = PBXProject;
			attributes = {
				LastUpgradeCheck = 0720;
				ORGANIZATIONNAME = czljcb;
				TargetAttributes = {
					AB80461E1C7BE709000A2708 = {
						CreatedOnToolsVersion = 7.2;
						DevelopmentTeam = R572233UJT;
					};
					AB8046371C7BE70A000A2708 = {
						CreatedOnToolsVersion = 7.2;
						DevelopmentTeam = R572233UJT;
						TestTargetID = AB80461E1C7BE709000A2708;
					};
					AB8046421C7BE70A000A2708 = {
						CreatedOnToolsVersion = 7.2;
						DevelopmentTeam = R572233UJT;
						TestTargetID = AB80461E1C7BE709000A2708;
					};
				};
			};
			buildConfigurationList = AB80461A1C7BE709000A2708 /* Build configuration list for PBXProject "ExtensionDemo" */;
			compatibilityVersion = "Xcode 3.2";
			developmentRegion = English;
			hasScannedForEncodings = 0;
			knownRegions = (
				en,
				Base,
			);
			mainGroup = AB8046161C7BE709000A2708;
			productRefGroup = AB8046201C7BE709000A2708 /* Products */;
			projectDirPath = "";
			projectRoot = "";
			targets = (
				AB80461E1C7BE709000A2708 /* ExtensionDemo */,
				AB8046371C7BE70A000A2708 /* ExtensionDemoTests */,
				AB8046421C7BE70A000A2708 /* ExtensionDemoUITests */,
			);
		};
/* End PBXProject section */

/* Begin PBXResourcesBuildPhase section */
		AB80461D1C7BE709000A2708 /* Resources */ = {
			isa = PBXResourcesBuildPhase;
			buildActionMask = 2147483647;
			files = (
				AB6382A51C7BE88900B9130B /* SSKeychain.strings in Resources */,
				AB8046321C7BE709000A2708 /* LaunchScreen.storyboard in Resources */,
				AB80462F1C7BE709000A2708 /* Assets.xcassets in Resources */,
				AB80462D1C7BE709000A2708 /* Main.storyboard in Resources */,
			);
			runOnlyForDeploymentPostprocessing = 0;
		};
		AB8046361C7BE70A000A2708 /* Resources */ = {
			isa = PBXResourcesBuildPhase;
			buildActionMask = 2147483647;
			files = (
			);
			runOnlyForDeploymentPostprocessing = 0;
		};
		AB8046411C7BE70A000A2708 /* Resources */ = {
			isa = PBXResourcesBuildPhase;
			buildActionMask = 2147483647;
			files = (
			);
			runOnlyForDeploymentPostprocessing = 0;
		};
/* End PBXResourcesBuildPhase section */

/* Begin PBXSourcesBuildPhase section */
		AB80461B1C7BE709000A2708 /* Sources */ = {
			isa = PBXSourcesBuildPhase;
			buildActionMask = 2147483647;
			files = (
				AB63829F1C7BE88900B9130B /* NSURL+MIMEType.m in Sources */,
				AB6382AB1C7BE88900B9130B /* UIImage+icon.m in Sources */,
				AB80462A1C7BE709000A2708 /* ViewController.m in Sources */,
				AB63829A1C7BE88900B9130B /* NSArray+Log.m in Sources */,
				AB6382A11C7BE88900B9130B /* NSURLSession+NetWorking.m in Sources */,
				AB6382AA1C7BE88900B9130B /* UIImage+GetColor.m in Sources */,
				AB8046271C7BE709000A2708 /* AppDelegate.m in Sources */,
				AB6382A61C7BE88900B9130B /* SSKeychain.m in Sources */,
				AB6382971C7BE88900B9130B /* AudioTools.m in Sources */,
				AB6382B21C7BE88900B9130B /* UIView+CAAnimation.m in Sources */,
				AB6382A41C7BE88900B9130B /* NSString+Hash.m in Sources */,
				AB6382AF1C7BE88900B9130B /* UIImage+Stretch.m in Sources */,
				AB6382981C7BE88900B9130B /* CoreStatus.m in Sources */,
				AB6382A91C7BE88900B9130B /* UIImage+Color.m in Sources */,
				AB63829C1C7BE88900B9130B /* NSObject+Attribute.m in Sources */,
				AB6382B31C7BE88900B9130B /* UIView+CAAnimation.m in Sources */,
				AB6382A31C7BE88900B9130B /* SandBoxPaths.m in Sources */,
				AB6382B11C7BE88900B9130B /* UINavigationController+Animation.m in Sources */,
				AB6382AD1C7BE88900B9130B /* UIImage+Create.m in Sources */,
				AB6382B51C7BE88900B9130B /* UIView+Spring.m in Sources */,
				AB6382AC1C7BE88900B9130B /* UIImage+Logo.m in Sources */,
				AB63829E1C7BE88900B9130B /* NSString+Base64.m in Sources */,
				AB6382991C7BE88900B9130B /* Reachability.m in Sources */,
				AB6382A81C7BE88900B9130B /* SoundTools.m in Sources */,
				AB6382A21C7BE88900B9130B /* RecorderTools.m in Sources */,
				AB6382B41C7BE88900B9130B /* UIView+Frame.m in Sources */,
				AB6382A71C7BE88900B9130B /* SSKeychainQuery.m in Sources */,
				AB63829B1C7BE88900B9130B /* NSDictionary+LogProperty.m in Sources */,
				AB6382AE1C7BE88900B9130B /* UIImage+Rendering.m in Sources */,
				AB6382B01C7BE88900B9130B /* UIImage+View.m in Sources */,
				AB8046241C7BE709000A2708 /* main.m in Sources */,
				AB63829D1C7BE88900B9130B /* NSObject+Model.m in Sources */,
				AB6382A01C7BE88900B9130B /* NSURLConnection+NetWork.m in Sources */,
			);
			runOnlyForDeploymentPostprocessing = 0;
		};
		AB8046341C7BE70A000A2708 /* Sources */ = {
			isa = PBXSourcesBuildPhase;
			buildActionMask = 2147483647;
			files = (
				AB80463D1C7BE70A000A2708 /* ExtensionDemoTests.m in Sources */,
			);
			runOnlyForDeploymentPostprocessing = 0;
		};
		AB80463F1C7BE70A000A2708 /* Sources */ = {
			isa = PBXSourcesBuildPhase;
			buildActionMask = 2147483647;
			files = (
				AB8046481C7BE70A000A2708 /* ExtensionDemoUITests.m in Sources */,
			);
			runOnlyForDeploymentPostprocessing = 0;
		};
/* End PBXSourcesBuildPhase section */

/* Begin PBXTargetDependency section */
		AB80463A1C7BE70A000A2708 /* PBXTargetDependency */ = {
			isa = PBXTargetDependency;
			target = AB80461E1C7BE709000A2708 /* ExtensionDemo */;
			targetProxy = AB8046391C7BE70A000A2708 /* PBXContainerItemProxy */;
		};
		AB8046451C7BE70A000A2708 /* PBXTargetDependency */ = {
			isa = PBXTargetDependency;
			target = AB80461E1C7BE709000A2708 /* ExtensionDemo */;
			targetProxy = AB8046441C7BE70A000A2708 /* PBXContainerItemProxy */;
		};
/* End PBXTargetDependency section */

/* Begin PBXVariantGroup section */
		AB6382641C7BE88900B9130B /* SSKeychain.strings */ = {
			isa = PBXVariantGroup;
			children = (
				AB6382651C7BE88900B9130B /* en */,
			);
			name = SSKeychain.strings;
			sourceTree = "<group>";
		};
		AB80462B1C7BE709000A2708 /* Main.storyboard */ = {
			isa = PBXVariantGroup;
			children = (
				AB80462C1C7BE709000A2708 /* Base */,
			);
			name = Main.storyboard;
			sourceTree = "<group>";
		};
		AB8046301C7BE709000A2708 /* LaunchScreen.storyboard */ = {
			isa = PBXVariantGroup;
			children = (
				AB8046311C7BE709000A2708 /* Base */,
			);
			name = LaunchScreen.storyboard;
			sourceTree = "<group>";
		};
/* End PBXVariantGroup section */

/* Begin XCBuildConfiguration section */
		AB80464A1C7BE70A000A2708 /* Debug */ = {
			isa = XCBuildConfiguration;
			buildSettings = {
				ALWAYS_SEARCH_USER_PATHS = NO;
				CLANG_CXX_LANGUAGE_STANDARD = "gnu++0x";
				CLANG_CXX_LIBRARY = "libc++";
				CLANG_ENABLE_MODULES = YES;
				CLANG_ENABLE_OBJC_ARC = YES;
				CLANG_WARN_BOOL_CONVERSION = YES;
				CLANG_WARN_CONSTANT_CONVERSION = YES;
				CLANG_WARN_DIRECT_OBJC_ISA_USAGE = YES_ERROR;
				CLANG_WARN_EMPTY_BODY = YES;
				CLANG_WARN_ENUM_CONVERSION = YES;
				CLANG_WARN_INT_CONVERSION = YES;
				CLANG_WARN_OBJC_ROOT_CLASS = YES_ERROR;
				CLANG_WARN_UNREACHABLE_CODE = YES;
				CLANG_WARN__DUPLICATE_METHOD_MATCH = YES;
				"CODE_SIGN_IDENTITY[sdk=iphoneos*]" = "iPhone Developer";
				COPY_PHASE_STRIP = NO;
				DEBUG_INFORMATION_FORMAT = dwarf;
				ENABLE_STRICT_OBJC_MSGSEND = YES;
				ENABLE_TESTABILITY = YES;
				GCC_C_LANGUAGE_STANDARD = gnu99;
				GCC_DYNAMIC_NO_PIC = NO;
				GCC_NO_COMMON_BLOCKS = YES;
				GCC_OPTIMIZATION_LEVEL = 0;
				GCC_PREPROCESSOR_DEFINITIONS = (
					"DEBUG=1",
					"$(inherited)",
				);
				GCC_WARN_64_TO_32_BIT_CONVERSION = YES;
				GCC_WARN_ABOUT_RETURN_TYPE = YES_ERROR;
				GCC_WARN_UNDECLARED_SELECTOR = YES;
				GCC_WARN_UNINITIALIZED_AUTOS = YES_AGGRESSIVE;
				GCC_WARN_UNUSED_FUNCTION = YES;
				GCC_WARN_UNUSED_VARIABLE = YES;
				IPHONEOS_DEPLOYMENT_TARGET = 9.2;
				MTL_ENABLE_DEBUG_INFO = YES;
				ONLY_ACTIVE_ARCH = YES;
				SDKROOT = iphoneos;
			};
			name = Debug;
		};
		AB80464B1C7BE70A000A2708 /* Release */ = {
			isa = XCBuildConfiguration;
			buildSettings = {
				ALWAYS_SEARCH_USER_PATHS = NO;
				CLANG_CXX_LANGUAGE_STANDARD = "gnu++0x";
				CLANG_CXX_LIBRARY = "libc++";
				CLANG_ENABLE_MODULES = YES;
				CLANG_ENABLE_OBJC_ARC = YES;
				CLANG_WARN_BOOL_CONVERSION = YES;
				CLANG_WARN_CONSTANT_CONVERSION = YES;
				CLANG_WARN_DIRECT_OBJC_ISA_USAGE = YES_ERROR;
				CLANG_WARN_EMPTY_BODY = YES;
				CLANG_WARN_ENUM_CONVERSION = YES;
				CLANG_WARN_INT_CONVERSION = YES;
				CLANG_WARN_OBJC_ROOT_CLASS = YES_ERROR;
				CLANG_WARN_UNREACHABLE_CODE = YES;
				CLANG_WARN__DUPLICATE_METHOD_MATCH = YES;
				"CODE_SIGN_IDENTITY[sdk=iphoneos*]" = "iPhone Developer";
				COPY_PHASE_STRIP = NO;
				DEBUG_INFORMATION_FORMAT = "dwarf-with-dsym";
				ENABLE_NS_ASSERTIONS = NO;
				ENABLE_STRICT_OBJC_MSGSEND = YES;
				GCC_C_LANGUAGE_STANDARD = gnu99;
				GCC_NO_COMMON_BLOCKS = YES;
				GCC_WARN_64_TO_32_BIT_CONVERSION = YES;
				GCC_WARN_ABOUT_RETURN_TYPE = YES_ERROR;
				GCC_WARN_UNDECLARED_SELECTOR = YES;
				GCC_WARN_UNINITIALIZED_AUTOS = YES_AGGRESSIVE;
				GCC_WARN_UNUSED_FUNCTION = YES;
				GCC_WARN_UNUSED_VARIABLE = YES;
				IPHONEOS_DEPLOYMENT_TARGET = 9.2;
				MTL_ENABLE_DEBUG_INFO = NO;
				SDKROOT = iphoneos;
				VALIDATE_PRODUCT = YES;
			};
			name = Release;
		};
		AB80464D1C7BE70A000A2708 /* Debug */ = {
			isa = XCBuildConfiguration;
			buildSettings = {
				ASSETCATALOG_COMPILER_APPICON_NAME = AppIcon;
				INFOPLIST_FILE = ExtensionDemo/Info.plist;
				LD_RUNPATH_SEARCH_PATHS = "$(inherited) @executable_path/Frameworks";
				PRODUCT_BUNDLE_IDENTIFIER = CZ.ExtensionDemo;
				PRODUCT_NAME = "$(TARGET_NAME)";
			};
			name = Debug;
		};
		AB80464E1C7BE70A000A2708 /* Release */ = {
			isa = XCBuildConfiguration;
			buildSettings = {
				ASSETCATALOG_COMPILER_APPICON_NAME = AppIcon;
				INFOPLIST_FILE = ExtensionDemo/Info.plist;
				LD_RUNPATH_SEARCH_PATHS = "$(inherited) @executable_path/Frameworks";
				PRODUCT_BUNDLE_IDENTIFIER = CZ.ExtensionDemo;
				PRODUCT_NAME = "$(TARGET_NAME)";
			};
			name = Release;
		};
		AB8046501C7BE70A000A2708 /* Debug */ = {
			isa = XCBuildConfiguration;
			buildSettings = {
				BUNDLE_LOADER = "$(TEST_HOST)";
				INFOPLIST_FILE = ExtensionDemoTests/Info.plist;
				LD_RUNPATH_SEARCH_PATHS = "$(inherited) @executable_path/Frameworks @loader_path/Frameworks";
				PRODUCT_BUNDLE_IDENTIFIER = CZ.ExtensionDemoTests;
				PRODUCT_NAME = "$(TARGET_NAME)";
				TEST_HOST = "$(BUILT_PRODUCTS_DIR)/ExtensionDemo.app/ExtensionDemo";
			};
			name = Debug;
		};
		AB8046511C7BE70A000A2708 /* Release */ = {
			isa = XCBuildConfiguration;
			buildSettings = {
				BUNDLE_LOADER = "$(TEST_HOST)";
				INFOPLIST_FILE = ExtensionDemoTests/Info.plist;
				LD_RUNPATH_SEARCH_PATHS = "$(inherited) @executable_path/Frameworks @loader_path/Frameworks";
				PRODUCT_BUNDLE_IDENTIFIER = CZ.ExtensionDemoTests;
				PRODUCT_NAME = "$(TARGET_NAME)";
				TEST_HOST = "$(BUILT_PRODUCTS_DIR)/ExtensionDemo.app/ExtensionDemo";
			};
			name = Release;
		};
		AB8046531C7BE70A000A2708 /* Debug */ = {
			isa = XCBuildConfiguration;
			buildSettings = {
				INFOPLIST_FILE = ExtensionDemoUITests/Info.plist;
				LD_RUNPATH_SEARCH_PATHS = "$(inherited) @executable_path/Frameworks @loader_path/Frameworks";
				PRODUCT_BUNDLE_IDENTIFIER = CZ.ExtensionDemoUITests;
				PRODUCT_NAME = "$(TARGET_NAME)";
				TEST_TARGET_NAME = ExtensionDemo;
				USES_XCTRUNNER = YES;
			};
			name = Debug;
		};
		AB8046541C7BE70A000A2708 /* Release */ = {
			isa = XCBuildConfiguration;
			buildSettings = {
				INFOPLIST_FILE = ExtensionDemoUITests/Info.plist;
				LD_RUNPATH_SEARCH_PATHS = "$(inherited) @executable_path/Frameworks @loader_path/Frameworks";
				PRODUCT_BUNDLE_IDENTIFIER = CZ.ExtensionDemoUITests;
				PRODUCT_NAME = "$(TARGET_NAME)";
				TEST_TARGET_NAME = ExtensionDemo;
				USES_XCTRUNNER = YES;
			};
			name = Release;
		};
/* End XCBuildConfiguration section */

/* Begin XCConfigurationList section */
		AB80461A1C7BE709000A2708 /* Build configuration list for PBXProject "ExtensionDemo" */ = {
			isa = XCConfigurationList;
			buildConfigurations = (
				AB80464A1C7BE70A000A2708 /* Debug */,
				AB80464B1C7BE70A000A2708 /* Release */,
			);
			defaultConfigurationIsVisible = 0;
			defaultConfigurationName = Release;
		};
		AB80464C1C7BE70A000A2708 /* Build configuration list for PBXNativeTarget "ExtensionDemo" */ = {
			isa = XCConfigurationList;
			buildConfigurations = (
				AB80464D1C7BE70A000A2708 /* Debug */,
				AB80464E1C7BE70A000A2708 /* Release */,
			);
			defaultConfigurationIsVisible = 0;
			defaultConfigurationName = Release;
		};
		AB80464F1C7BE70A000A2708 /* Build configuration list for PBXNativeTarget "ExtensionDemoTests" */ = {
			isa = XCConfigurationList;
			buildConfigurations = (
				AB8046501C7BE70A000A2708 /* Debug */,
				AB8046511C7BE70A000A2708 /* Release */,
			);
			defaultConfigurationIsVisible = 0;
			defaultConfigurationName = Release;
		};
		AB8046521C7BE70A000A2708 /* Build configuration list for PBXNativeTarget "ExtensionDemoUITests" */ = {
			isa = XCConfigurationList;
			buildConfigurations = (
				AB8046531C7BE70A000A2708 /* Debug */,
				AB8046541C7BE70A000A2708 /* Release */,
			);
			defaultConfigurationIsVisible = 0;
			defaultConfigurationName = Release;
		};
/* End XCConfigurationList section */
	};
	rootObject = AB8046171C7BE709000A2708 /* Project object */;
}
