// !$*UTF8*$!
{
	archiveVersion = 1;
	classes = {
	};
	objectVersion = 46;
	objects = {

/* Begin PBXBuildFile section */
		AB8046241C7BE709000A2708 /* main.m in Sources */ = {isa = PBXBuildFile; fileRef = AB8046231C7BE709000A2708 /* main.m */; };
		AB8046271C7BE709000A2708 /* AppDelegate.m in Sources */ = {isa = PBXBuildFile; fileRef = AB8046261C7BE709000A2708 /* AppDelegate.m */; };
		AB80462A1C7BE709000A2708 /* ViewController.m in Sources */ = {isa = PBXBuildFile; fileRef = AB8046291C7BE709000A2708 /* ViewController.m */; };
		AB80462D1C7BE709000A2708 /* Main.storyboard in Resources */ = {isa = PBXBuildFile; fileRef = AB80462B1C7BE709000A2708 /* Main.storyboard */; };
		AB80462F1C7BE709000A2708 /* Assets.xcassets in Resources */ = {isa = PBXBuildFile; fileRef = AB80462E1C7BE709000A2708 /* Assets.xcassets */; };
		AB8046321C7BE709000A2708 /* LaunchScreen.storyboard in Resources */ = {isa = PBXBuildFile; fileRef = AB8046301C7BE709000A2708 /* LaunchScreen.storyboard */; };
		AB80463D1C7BE70A000A2708 /* ExtensionDemoTests.m in Sources */ = {isa = PBXBuildFile; fileRef = AB80463C1C7BE70A000A2708 /* ExtensionDemoTests.m */; };
		AB8046481C7BE70A000A2708 /* ExtensionDemoUITests.m in Sources */ = {isa = PBXBuildFile; fileRef = AB8046471C7BE70A000A2708 /* ExtensionDemoUITests.m */; };
		ABC2BB6C1C7BEFC80035B961 /* AudioTools.m in Sources */ = {isa = PBXBuildFile; fileRef = ABC2BB101C7BEFC80035B961 /* AudioTools.m */; };
		ABC2BB6D1C7BEFC80035B961 /* CoreStatus.m in Sources */ = {isa = PBXBuildFile; fileRef = ABC2BB131C7BEFC80035B961 /* CoreStatus.m */; };
		ABC2BB6E1C7BEFC80035B961 /* Reachability.m in Sources */ = {isa = PBXBuildFile; fileRef = ABC2BB161C7BEFC80035B961 /* Reachability.m */; };
		ABC2BB6F1C7BEFC80035B961 /* NSArray+Log.m in Sources */ = {isa = PBXBuildFile; fileRef = ABC2BB191C7BEFC80035B961 /* NSArray+Log.m */; };
		ABC2BB701C7BEFC80035B961 /* NSDictionary+LogProperty.m in Sources */ = {isa = PBXBuildFile; fileRef = ABC2BB1C1C7BEFC80035B961 /* NSDictionary+LogProperty.m */; };
		ABC2BB711C7BEFC80035B961 /* NSObject+Attribute.m in Sources */ = {isa = PBXBuildFile; fileRef = ABC2BB1F1C7BEFC80035B961 /* NSObject+Attribute.m */; };
		ABC2BB721C7BEFC80035B961 /* NSObject+Model.m in Sources */ = {isa = PBXBuildFile; fileRef = ABC2BB221C7BEFC80035B961 /* NSObject+Model.m */; };
		ABC2BB731C7BEFC80035B961 /* NSString+Base64.m in Sources */ = {isa = PBXBuildFile; fileRef = ABC2BB251C7BEFC80035B961 /* NSString+Base64.m */; };
		ABC2BB741C7BEFC80035B961 /* NSURL+MIMEType.m in Sources */ = {isa = PBXBuildFile; fileRef = ABC2BB281C7BEFC80035B961 /* NSURL+MIMEType.m */; };
		ABC2BB751C7BEFC80035B961 /* NSURLConnection+NetWork.m in Sources */ = {isa = PBXBuildFile; fileRef = ABC2BB2B1C7BEFC80035B961 /* NSURLConnection+NetWork.m */; };
		ABC2BB761C7BEFC80035B961 /* NSURLSession+NetWorking.m in Sources */ = {isa = PBXBuildFile; fileRef = ABC2BB2E1C7BEFC80035B961 /* NSURLSession+NetWorking.m */; };
		ABC2BB771C7BEFC80035B961 /* RecorderTools.m in Sources */ = {isa = PBXBuildFile; fileRef = ABC2BB311C7BEFC80035B961 /* RecorderTools.m */; };
		ABC2BB781C7BEFC80035B961 /* SandBoxPaths.m in Sources */ = {isa = PBXBuildFile; fileRef = ABC2BB341C7BEFC80035B961 /* SandBoxPaths.m */; };
		ABC2BB791C7BEFC80035B961 /* NSString+Hash.m in Sources */ = {isa = PBXBuildFile; fileRef = ABC2BB371C7BEFC80035B961 /* NSString+Hash.m */; };
		ABC2BB7A1C7BEFC80035B961 /* SSKeychain.strings in Resources */ = {isa = PBXBuildFile; fileRef = ABC2BB391C7BEFC80035B961 /* SSKeychain.strings */; };
		ABC2BB7B1C7BEFC80035B961 /* SSKeychain.m in Sources */ = {isa = PBXBuildFile; fileRef = ABC2BB3C1C7BEFC80035B961 /* SSKeychain.m */; };
		ABC2BB7C1C7BEFC80035B961 /* SSKeychainQuery.m in Sources */ = {isa = PBXBuildFile; fileRef = ABC2BB3E1C7BEFC80035B961 /* SSKeychainQuery.m */; };
		ABC2BB7D1C7BEFC80035B961 /* SoundTools.m in Sources */ = {isa = PBXBuildFile; fileRef = ABC2BB431C7BEFC80035B961 /* SoundTools.m */; };
		ABC2BB7E1C7BEFC80035B961 /* UIImage+Color.m in Sources */ = {isa = PBXBuildFile; fileRef = ABC2BB481C7BEFC80035B961 /* UIImage+Color.m */; };
		ABC2BB7F1C7BEFC80035B961 /* UIImage+GetColor.m in Sources */ = {isa = PBXBuildFile; fileRef = ABC2BB4B1C7BEFC80035B961 /* UIImage+GetColor.m */; };
		ABC2BB801C7BEFC80035B961 /* UIImage+icon.m in Sources */ = {isa = PBXBuildFile; fileRef = ABC2BB4E1C7BEFC80035B961 /* UIImage+icon.m */; };
		ABC2BB811C7BEFC80035B961 /* UIImage+Logo.m in Sources */ = {isa = PBXBuildFile; fileRef = ABC2BB511C7BEFC80035B961 /* UIImage+Logo.m */; };
		ABC2BB821C7BEFC80035B961 /* UIImage+Create.m in Sources */ = {isa = PBXBuildFile; fileRef = ABC2BB541C7BEFC80035B961 /* UIImage+Create.m */; };
		ABC2BB831C7BEFC80035B961 /* UIImage+Rendering.m in Sources */ = {isa = PBXBuildFile; fileRef = ABC2BB571C7BEFC80035B961 /* UIImage+Rendering.m */; };
		ABC2BB841C7BEFC80035B961 /* UIImage+Stretch.m in Sources */ = {isa = PBXBuildFile; fileRef = ABC2BB5A1C7BEFC80035B961 /* UIImage+Stretch.m */; };
		ABC2BB851C7BEFC80035B961 /* UIImage+View.m in Sources */ = {isa = PBXBuildFile; fileRef = ABC2BB5D1C7BEFC80035B961 /* UIImage+View.m */; };
		ABC2BB861C7BEFC80035B961 /* UINavigationController+Animation.m in Sources */ = {isa = PBXBuildFile; fileRef = ABC2BB601C7BEFC80035B961 /* UINavigationController+Animation.m */; };
		ABC2BB871C7BEFC80035B961 /* UIView+CAAnimation.m in Sources */ = {isa = PBXBuildFile; fileRef = ABC2BB621C7BEFC80035B961 /* UIView+CAAnimation.m */; };
		ABC2BB881C7BEFC80035B961 /* UIView+CAAnimation.m in Sources */ = {isa = PBXBuildFile; fileRef = ABC2BB651C7BEFC80035B961 /* UIView+CAAnimation.m */; };
		ABC2BB891C7BEFC80035B961 /* UIView+Frame.m in Sources */ = {isa = PBXBuildFile; fileRef = ABC2BB681C7BEFC80035B961 /* UIView+Frame.m */; };
		ABC2BB8A1C7BEFC80035B961 /* UIView+Spring.m in Sources */ = {isa = PBXBuildFile; fileRef = ABC2BB6B1C7BEFC80035B961 /* UIView+Spring.m */; };
		ABC2BB8E1C7BF21B0035B961 /* NSDate+Time.m in Sources */ = {isa = PBXBuildFile; fileRef = ABC2BB8D1C7BF21B0035B961 /* NSDate+Time.m */; };
		ABC2BB921C7BF7640035B961 /* UITextField+Placeholder.m in Sources */ = {isa = PBXBuildFile; fileRef = ABC2BB911C7BF7640035B961 /* UITextField+Placeholder.m */; };
		ABC2BB961C7BFA6B0035B961 /* NSDictionary+LogProperty.m in Sources */ = {isa = PBXBuildFile; fileRef = ABC2BB951C7BFA6B0035B961 /* NSDictionary+LogProperty.m */; };
/* End PBXBuildFile section */

/* Begin PBXContainerItemProxy section */
		AB8046391C7BE70A000A2708 /* PBXContainerItemProxy */ = {
			isa = PBXContainerItemProxy;
			containerPortal = AB8046171C7BE709000A2708 /* Project object */;
			proxyType = 1;
			remoteGlobalIDString = AB80461E1C7BE709000A2708;
			remoteInfo = ExtensionDemo;
		};
		AB8046441C7BE70A000A2708 /* PBXContainerItemProxy */ = {
			isa = PBXContainerItemProxy;
			containerPortal = AB8046171C7BE709000A2708 /* Project object */;
			proxyType = 1;
			remoteGlobalIDString = AB80461E1C7BE709000A2708;
			remoteInfo = ExtensionDemo;
		};
/* End PBXContainerItemProxy section */

/* Begin PBXFileReference section */
		AB80461F1C7BE709000A2708 /* ExtensionDemo.app */ = {isa = PBXFileReference; explicitFileType = wrapper.application; includeInIndex = 0; path = ExtensionDemo.app; sourceTree = BUILT_PRODUCTS_DIR; };
		AB8046231C7BE709000A2708 /* main.m */ = {isa = PBXFileReference; lastKnownFileType = sourcecode.c.objc; path = main.m; sourceTree = "<group>"; };
		AB8046251C7BE709000A2708 /* AppDelegate.h */ = {isa = PBXFileReference; lastKnownFileType = sourcecode.c.h; path = AppDelegate.h; sourceTree = "<group>"; };
		AB8046261C7BE709000A2708 /* AppDelegate.m */ = {isa = PBXFileReference; lastKnownFileType = sourcecode.c.objc; path = AppDelegate.m; sourceTree = "<group>"; };
		AB8046281C7BE709000A2708 /* ViewController.h */ = {isa = PBXFileReference; lastKnownFileType = sourcecode.c.h; path = ViewController.h; sourceTree = "<group>"; };
		AB8046291C7BE709000A2708 /* ViewController.m */ = {isa = PBXFileReference; lastKnownFileType = sourcecode.c.objc; path = ViewController.m; sourceTree = "<group>"; };
		AB80462C1C7BE709000A2708 /* Base */ = {isa = PBXFileReference; lastKnownFileType = file.storyboard; name = Base; path = Base.lproj/Main.storyboard; sourceTree = "<group>"; };
		AB80462E1C7BE709000A2708 /* Assets.xcassets */ = {isa = PBXFileReference; lastKnownFileType = folder.assetcatalog; path = Assets.xcassets; sourceTree = "<group>"; };
		AB8046311C7BE709000A2708 /* Base */ = {isa = PBXFileReference; lastKnownFileType = file.storyboard; name = Base; path = Base.lproj/LaunchScreen.storyboard; sourceTree = "<group>"; };
		AB8046331C7BE709000A2708 /* Info.plist */ = {isa = PBXFileReference; lastKnownFileType = text.plist.xml; path = Info.plist; sourceTree = "<group>"; };
		AB8046381C7BE70A000A2708 /* ExtensionDemoTests.xctest */ = {isa = PBXFileReference; explicitFileType = wrapper.cfbundle; includeInIndex = 0; path = ExtensionDemoTests.xctest; sourceTree = BUILT_PRODUCTS_DIR; };
		AB80463C1C7BE70A000A2708 /* ExtensionDemoTests.m */ = {isa = PBXFileReference; lastKnownFileType = sourcecode.c.objc; path = ExtensionDemoTests.m; sourceTree = "<group>"; };
		AB80463E1C7BE70A000A2708 /* Info.plist */ = {isa = PBXFileReference; lastKnownFileType = text.plist.xml; path = Info.plist; sourceTree = "<group>"; };
		AB8046431C7BE70A000A2708 /* ExtensionDemoUITests.xctest */ = {isa = PBXFileReference; explicitFileType = wrapper.cfbundle; includeInIndex = 0; path = ExtensionDemoUITests.xctest; sourceTree = BUILT_PRODUCTS_DIR; };
		AB8046471C7BE70A000A2708 /* ExtensionDemoUITests.m */ = {isa = PBXFileReference; lastKnownFileType = sourcecode.c.objc; path = ExtensionDemoUITests.m; sourceTree = "<group>"; };
		AB8046491C7BE70A000A2708 /* Info.plist */ = {isa = PBXFileReference; lastKnownFileType = text.plist.xml; path = Info.plist; sourceTree = "<group>"; };
		ABC2BB0F1C7BEFC80035B961 /* AudioTools.h */ = {isa = PBXFileReference; fileEncoding = 4; lastKnownFileType = sourcecode.c.h; path = AudioTools.h; sourceTree = "<group>"; };
		ABC2BB101C7BEFC80035B961 /* AudioTools.m */ = {isa = PBXFileReference; fileEncoding = 4; lastKnownFileType = sourcecode.c.objc; path = AudioTools.m; sourceTree = "<group>"; };
		ABC2BB121C7BEFC80035B961 /* CoreStatus.h */ = {isa = PBXFileReference; fileEncoding = 4; lastKnownFileType = sourcecode.c.h; path = CoreStatus.h; sourceTree = "<group>"; };
		ABC2BB131C7BEFC80035B961 /* CoreStatus.m */ = {isa = PBXFileReference; fileEncoding = 4; lastKnownFileType = sourcecode.c.objc; path = CoreStatus.m; sourceTree = "<group>"; };
		ABC2BB151C7BEFC80035B961 /* Reachability.h */ = {isa = PBXFileReference; fileEncoding = 4; lastKnownFileType = sourcecode.c.h; path = Reachability.h; sourceTree = "<group>"; };
		ABC2BB161C7BEFC80035B961 /* Reachability.m */ = {isa = PBXFileReference; fileEncoding = 4; lastKnownFileType = sourcecode.c.objc; path = Reachability.m; sourceTree = "<group>"; };
		ABC2BB181C7BEFC80035B961 /* NSArray+Log.h */ = {isa = PBXFileReference; fileEncoding = 4; lastKnownFileType = sourcecode.c.h; path = "NSArray+Log.h"; sourceTree = "<group>"; };
		ABC2BB191C7BEFC80035B961 /* NSArray+Log.m */ = {isa = PBXFileReference; fileEncoding = 4; lastKnownFileType = sourcecode.c.objc; path = "NSArray+Log.m"; sourceTree = "<group>"; };
		ABC2BB1B1C7BEFC80035B961 /* NSDictionary+LogProperty.h */ = {isa = PBXFileReference; fileEncoding = 4; lastKnownFileType = sourcecode.c.h; path = "NSDictionary+LogProperty.h"; sourceTree = "<group>"; };
		ABC2BB1C1C7BEFC80035B961 /* NSDictionary+LogProperty.m */ = {isa = PBXFileReference; fileEncoding = 4; lastKnownFileType = sourcecode.c.objc; path = "NSDictionary+LogProperty.m"; sourceTree = "<group>"; };
		ABC2BB1E1C7BEFC80035B961 /* NSObject+Attribute.h */ = {isa = PBXFileReference; fileEncoding = 4; lastKnownFileType = sourcecode.c.h; path = "NSObject+Attribute.h"; sourceTree = "<group>"; };
		ABC2BB1F1C7BEFC80035B961 /* NSObject+Attribute.m */ = {isa = PBXFileReference; fileEncoding = 4; lastKnownFileType = sourcecode.c.objc; path = "NSObject+Attribute.m"; sourceTree = "<group>"; };
		ABC2BB211C7BEFC80035B961 /* NSObject+Model.h */ = {isa = PBXFileReference; fileEncoding = 4; lastKnownFileType = sourcecode.c.h; path = "NSObject+Model.h"; sourceTree = "<group>"; };
		ABC2BB221C7BEFC80035B961 /* NSObject+Model.m */ = {isa = PBXFileReference; fileEncoding = 4; lastKnownFileType = sourcecode.c.objc; path = "NSObject+Model.m"; sourceTree = "<group>"; };
		ABC2BB241C7BEFC80035B961 /* NSString+Base64.h */ = {isa = PBXFileReference; fileEncoding = 4; lastKnownFileType = sourcecode.c.h; path = "NSString+Base64.h"; sourceTree = "<group>"; };
		ABC2BB251C7BEFC80035B961 /* NSString+Base64.m */ = {isa = PBXFileReference; fileEncoding = 4; lastKnownFileType = sourcecode.c.objc; path = "NSString+Base64.m"; sourceTree = "<group>"; };
		ABC2BB271C7BEFC80035B961 /* NSURL+MIMEType.h */ = {isa = PBXFileReference; fileEncoding = 4; lastKnownFileType = sourcecode.c.h; path = "NSURL+MIMEType.h"; sourceTree = "<group>"; };
		ABC2BB281C7BEFC80035B961 /* NSURL+MIMEType.m */ = {isa = PBXFileReference; fileEncoding = 4; lastKnownFileType = sourcecode.c.objc; path = "NSURL+MIMEType.m"; sourceTree = "<group>"; };
		ABC2BB2A1C7BEFC80035B961 /* NSURLConnection+NetWork.h */ = {isa = PBXFileReference; fileEncoding = 4; lastKnownFileType = sourcecode.c.h; path = "NSURLConnection+NetWork.h"; sourceTree = "<group>"; };
		ABC2BB2B1C7BEFC80035B961 /* NSURLConnection+NetWork.m */ = {isa = PBXFileReference; fileEncoding = 4; lastKnownFileType = sourcecode.c.objc; path = "NSURLConnection+NetWork.m"; sourceTree = "<group>"; };
		ABC2BB2D1C7BEFC80035B961 /* NSURLSession+NetWorking.h */ = {isa = PBXFileReference; fileEncoding = 4; lastKnownFileType = sourcecode.c.h; path = "NSURLSession+NetWorking.h"; sourceTree = "<group>"; };
		ABC2BB2E1C7BEFC80035B961 /* NSURLSession+NetWorking.m */ = {isa = PBXFileReference; fileEncoding = 4; lastKnownFileType = sourcecode.c.objc; path = "NSURLSession+NetWorking.m"; sourceTree = "<group>"; };
		ABC2BB301C7BEFC80035B961 /* RecorderTools.h */ = {isa = PBXFileReference; fileEncoding = 4; lastKnownFileType = sourcecode.c.h; path = RecorderTools.h; sourceTree = "<group>"; };
		ABC2BB311C7BEFC80035B961 /* RecorderTools.m */ = {isa = PBXFileReference; fileEncoding = 4; lastKnownFileType = sourcecode.c.objc; path = RecorderTools.m; sourceTree = "<group>"; };
		ABC2BB331C7BEFC80035B961 /* SandBoxPaths.h */ = {isa = PBXFileReference; fileEncoding = 4; lastKnownFileType = sourcecode.c.h; path = SandBoxPaths.h; sourceTree = "<group>"; };
		ABC2BB341C7BEFC80035B961 /* SandBoxPaths.m */ = {isa = PBXFileReference; fileEncoding = 4; lastKnownFileType = sourcecode.c.objc; path = SandBoxPaths.m; sourceTree = "<group>"; };
		ABC2BB361C7BEFC80035B961 /* NSString+Hash.h */ = {isa = PBXFileReference; fileEncoding = 4; lastKnownFileType = sourcecode.c.h; path = "NSString+Hash.h"; sourceTree = "<group>"; };
		ABC2BB371C7BEFC80035B961 /* NSString+Hash.m */ = {isa = PBXFileReference; fileEncoding = 4; lastKnownFileType = sourcecode.c.objc; path = "NSString+Hash.m"; sourceTree = "<group>"; };
		ABC2BB3A1C7BEFC80035B961 /* en */ = {isa = PBXFileReference; lastKnownFileType = text.plist.strings; name = en; path = en.lproj/SSKeychain.strings; sourceTree = "<group>"; };
		ABC2BB3B1C7BEFC80035B961 /* SSKeychain.h */ = {isa = PBXFileReference; fileEncoding = 4; lastKnownFileType = sourcecode.c.h; path = SSKeychain.h; sourceTree = "<group>"; };
		ABC2BB3C1C7BEFC80035B961 /* SSKeychain.m */ = {isa = PBXFileReference; fileEncoding = 4; lastKnownFileType = sourcecode.c.objc; path = SSKeychain.m; sourceTree = "<group>"; };
		ABC2BB3D1C7BEFC80035B961 /* SSKeychainQuery.h */ = {isa = PBXFileReference; fileEncoding = 4; lastKnownFileType = sourcecode.c.h; path = SSKeychainQuery.h; sourceTree = "<group>"; };
		ABC2BB3E1C7BEFC80035B961 /* SSKeychainQuery.m */ = {isa = PBXFileReference; fileEncoding = 4; lastKnownFileType = sourcecode.c.objc; path = SSKeychainQuery.m; sourceTree = "<group>"; };
		ABC2BB401C7BEFC80035B961 /* Single.h */ = {isa = PBXFileReference; fileEncoding = 4; lastKnownFileType = sourcecode.c.h; path = Single.h; sourceTree = "<group>"; };
		ABC2BB421C7BEFC80035B961 /* SoundTools.h */ = {isa = PBXFileReference; fileEncoding = 4; lastKnownFileType = sourcecode.c.h; path = SoundTools.h; sourceTree = "<group>"; };
		ABC2BB431C7BEFC80035B961 /* SoundTools.m */ = {isa = PBXFileReference; fileEncoding = 4; lastKnownFileType = sourcecode.c.objc; path = SoundTools.m; sourceTree = "<group>"; };
		ABC2BB451C7BEFC80035B961 /* UIColor+Random.h */ = {isa = PBXFileReference; fileEncoding = 4; lastKnownFileType = sourcecode.c.h; path = "UIColor+Random.h"; sourceTree = "<group>"; };
		ABC2BB471C7BEFC80035B961 /* UIImage+Color.h */ = {isa = PBXFileReference; fileEncoding = 4; lastKnownFileType = sourcecode.c.h; path = "UIImage+Color.h"; sourceTree = "<group>"; };
		ABC2BB481C7BEFC80035B961 /* UIImage+Color.m */ = {isa = PBXFileReference; fileEncoding = 4; lastKnownFileType = sourcecode.c.objc; path = "UIImage+Color.m"; sourceTree = "<group>"; };
		ABC2BB4A1C7BEFC80035B961 /* UIImage+GetColor.h */ = {isa = PBXFileReference; fileEncoding = 4; lastKnownFileType = sourcecode.c.h; path = "UIImage+GetColor.h"; sourceTree = "<group>"; };
		ABC2BB4B1C7BEFC80035B961 /* UIImage+GetColor.m */ = {isa = PBXFileReference; fileEncoding = 4; lastKnownFileType = sourcecode.c.objc; path = "UIImage+GetColor.m"; sourceTree = "<group>"; };
		ABC2BB4D1C7BEFC80035B961 /* UIImage+icon.h */ = {isa = PBXFileReference; fileEncoding = 4; lastKnownFileType = sourcecode.c.h; path = "UIImage+icon.h"; sourceTree = "<group>"; };
		ABC2BB4E1C7BEFC80035B961 /* UIImage+icon.m */ = {isa = PBXFileReference; fileEncoding = 4; lastKnownFileType = sourcecode.c.objc; path = "UIImage+icon.m"; sourceTree = "<group>"; };
		ABC2BB501C7BEFC80035B961 /* UIImage+Logo.h */ = {isa = PBXFileReference; fileEncoding = 4; lastKnownFileType = sourcecode.c.h; path = "UIImage+Logo.h"; sourceTree = "<group>"; };
		ABC2BB511C7BEFC80035B961 /* UIImage+Logo.m */ = {isa = PBXFileReference; fileEncoding = 4; lastKnownFileType = sourcecode.c.objc; path = "UIImage+Logo.m"; sourceTree = "<group>"; };
		ABC2BB531C7BEFC80035B961 /* UIImage+Create.h */ = {isa = PBXFileReference; fileEncoding = 4; lastKnownFileType = sourcecode.c.h; path = "UIImage+Create.h"; sourceTree = "<group>"; };
		ABC2BB541C7BEFC80035B961 /* UIImage+Create.m */ = {isa = PBXFileReference; fileEncoding = 4; lastKnownFileType = sourcecode.c.objc; path = "UIImage+Create.m"; sourceTree = "<group>"; };
		ABC2BB561C7BEFC80035B961 /* UIImage+Rendering.h */ = {isa = PBXFileReference; fileEncoding = 4; lastKnownFileType = sourcecode.c.h; path = "UIImage+Rendering.h"; sourceTree = "<group>"; };
		ABC2BB571C7BEFC80035B961 /* UIImage+Rendering.m */ = {isa = PBXFileReference; fileEncoding = 4; lastKnownFileType = sourcecode.c.objc; path = "UIImage+Rendering.m"; sourceTree = "<group>"; };
		ABC2BB591C7BEFC80035B961 /* UIImage+Stretch.h */ = {isa = PBXFileReference; fileEncoding = 4; lastKnownFileType = sourcecode.c.h; path = "UIImage+Stretch.h"; sourceTree = "<group>"; };
		ABC2BB5A1C7BEFC80035B961 /* UIImage+Stretch.m */ = {isa = PBXFileReference; fileEncoding = 4; lastKnownFileType = sourcecode.c.objc; path = "UIImage+Stretch.m"; sourceTree = "<group>"; };
		ABC2BB5C1C7BEFC80035B961 /* UIImage+View.h */ = {isa = PBXFileReference; fileEncoding = 4; lastKnownFileType = sourcecode.c.h; path = "UIImage+View.h"; sourceTree = "<group>"; };
		ABC2BB5D1C7BEFC80035B961 /* UIImage+View.m */ = {isa = PBXFileReference; fileEncoding = 4; lastKnownFileType = sourcecode.c.objc; path = "UIImage+View.m"; sourceTree = "<group>"; };
		ABC2BB5F1C7BEFC80035B961 /* UINavigationController+Animation.h */ = {isa = PBXFileReference; fileEncoding = 4; lastKnownFileType = sourcecode.c.h; path = "UINavigationController+Animation.h"; sourceTree = "<group>"; };
		ABC2BB601C7BEFC80035B961 /* UINavigationController+Animation.m */ = {isa = PBXFileReference; fileEncoding = 4; lastKnownFileType = sourcecode.c.objc; path = "UINavigationController+Animation.m"; sourceTree = "<group>"; };
		ABC2BB611C7BEFC80035B961 /* UIView+CAAnimation.h */ = {isa = PBXFileReference; fileEncoding = 4; lastKnownFileType = sourcecode.c.h; path = "UIView+CAAnimation.h"; sourceTree = "<group>"; };
		ABC2BB621C7BEFC80035B961 /* UIView+CAAnimation.m */ = {isa = PBXFileReference; fileEncoding = 4; lastKnownFileType = sourcecode.c.objc; path = "UIView+CAAnimation.m"; sourceTree = "<group>"; };
		ABC2BB641C7BEFC80035B961 /* UIView+CAAnimation.h */ = {isa = PBXFileReference; fileEncoding = 4; lastKnownFileType = sourcecode.c.h; path = "UIView+CAAnimation.h"; sourceTree = "<group>"; };
		ABC2BB651C7BEFC80035B961 /* UIView+CAAnimation.m */ = {isa = PBXFileReference; fileEncoding = 4; lastKnownFileType = sourcecode.c.objc; path = "UIView+CAAnimation.m"; sourceTree = "<group>"; };
		ABC2BB671C7BEFC80035B961 /* UIView+Frame.h */ = {isa = PBXFileReference; fileEncoding = 4; lastKnownFileType = sourcecode.c.h; path = "UIView+Frame.h"; sourceTree = "<group>"; };
		ABC2BB681C7BEFC80035B961 /* UIView+Frame.m */ = {isa = PBXFileReference; fileEncoding = 4; lastKnownFileType = sourcecode.c.objc; path = "UIView+Frame.m"; sourceTree = "<group>"; };
		ABC2BB6A1C7BEFC80035B961 /* UIView+Spring.h */ = {isa = PBXFileReference; fileEncoding = 4; lastKnownFileType = sourcecode.c.h; path = "UIView+Spring.h"; sourceTree = "<group>"; };
		ABC2BB6B1C7BEFC80035B961 /* UIView+Spring.m */ = {isa = PBXFileReference; fileEncoding = 4; lastKnownFileType = sourcecode.c.objc; path = "UIView+Spring.m"; sourceTree = "<group>"; };
		ABC2BB8C1C7BF21B0035B961 /* NSDate+Time.h */ = {isa = PBXFileReference; fileEncoding = 4; lastKnownFileType = sourcecode.c.h; path = "NSDate+Time.h"; sourceTree = "<group>"; };
		ABC2BB8D1C7BF21B0035B961 /* NSDate+Time.m */ = {isa = PBXFileReference; fileEncoding = 4; lastKnownFileType = sourcecode.c.objc; path = "NSDate+Time.m"; sourceTree = "<group>"; };
		ABC2BB901C7BF7640035B961 /* UITextField+Placeholder.h */ = {isa = PBXFileReference; fileEncoding = 4; lastKnownFileType = sourcecode.c.h; path = "UITextField+Placeholder.h"; sourceTree = "<group>"; };
		ABC2BB911C7BF7640035B961 /* UITextField+Placeholder.m */ = {isa = PBXFileReference; fileEncoding = 4; lastKnownFileType = sourcecode.c.objc; path = "UITextField+Placeholder.m"; sourceTree = "<group>"; };
		ABC2BB941C7BFA6B0035B961 /* NSDictionary+LogProperty.h */ = {isa = PBXFileReference; fileEncoding = 4; lastKnownFileType = sourcecode.c.h; path = "NSDictionary+LogProperty.h"; sourceTree = "<group>"; };
		ABC2BB951C7BFA6B0035B961 /* NSDictionary+LogProperty.m */ = {isa = PBXFileReference; fileEncoding = 4; lastKnownFileType = sourcecode.c.objc; path = "NSDictionary+LogProperty.m"; sourceTree = "<group>"; };
/* End PBXFileReference section */

/* Begin PBXFrameworksBuildPhase section */
		AB80461C1C7BE709000A2708 /* Frameworks */ = {
			isa = PBXFrameworksBuildPhase;
			buildActionMask = 2147483647;
			files = (
			);
			runOnlyForDeploymentPostprocessing = 0;
		};
		AB8046351C7BE70A000A2708 /* Frameworks */ = {
			isa = PBXFrameworksBuildPhase;
			buildActionMask = 2147483647;
			files = (
			);
			runOnlyForDeploymentPostprocessing = 0;
		};
		AB8046401C7BE70A000A2708 /* Frameworks */ = {
			isa = PBXFrameworksBuildPhase;
			buildActionMask = 2147483647;
			files = (
			);
			runOnlyForDeploymentPostprocessing = 0;
		};
/* End PBXFrameworksBuildPhase section */

/* Begin PBXGroup section */
		AB8046161C7BE709000A2708 = {
			isa = PBXGroup;
			children = (
				AB8046211C7BE709000A2708 /* ExtensionDemo */,
				AB80463B1C7BE70A000A2708 /* ExtensionDemoTests */,
				AB8046461C7BE70A000A2708 /* ExtensionDemoUITests */,
				AB8046201C7BE709000A2708 /* Products */,
			);
			sourceTree = "<group>";
		};
		AB8046201C7BE709000A2708 /* Products */ = {
			isa = PBXGroup;
			children = (
				AB80461F1C7BE709000A2708 /* ExtensionDemo.app */,
				AB8046381C7BE70A000A2708 /* ExtensionDemoTests.xctest */,
				AB8046431C7BE70A000A2708 /* ExtensionDemoUITests.xctest */,
			);
			name = Products;
			sourceTree = "<group>";
		};
		AB8046211C7BE709000A2708 /* ExtensionDemo */ = {
			isa = PBXGroup;
			children = (
				AB8046251C7BE709000A2708 /* AppDelegate.h */,
				AB8046261C7BE709000A2708 /* AppDelegate.m */,
				AB8046281C7BE709000A2708 /* ViewController.h */,
				AB8046291C7BE709000A2708 /* ViewController.m */,
				AB80462B1C7BE709000A2708 /* Main.storyboard */,
				ABC2BB0D1C7BEFC80035B961 /* Extension */,
				AB80462E1C7BE709000A2708 /* Assets.xcassets */,
				AB8046301C7BE709000A2708 /* LaunchScreen.storyboard */,
				AB8046331C7BE709000A2708 /* Info.plist */,
				AB8046221C7BE709000A2708 /* Supporting Files */,
			);
			path = ExtensionDemo;
			sourceTree = "<group>";
		};
		AB8046221C7BE709000A2708 /* Supporting Files */ = {
			isa = PBXGroup;
			children = (
				AB8046231C7BE709000A2708 /* main.m */,
			);
			name = "Supporting Files";
			sourceTree = "<group>";
		};
		AB80463B1C7BE70A000A2708 /* ExtensionDemoTests */ = {
			isa = PBXGroup;
			children = (
				AB80463C1C7BE70A000A2708 /* ExtensionDemoTests.m */,
				AB80463E1C7BE70A000A2708 /* Info.plist */,
			);
			path = ExtensionDemoTests;
			sourceTree = "<group>";
		};
		AB8046461C7BE70A000A2708 /* ExtensionDemoUITests */ = {
			isa = PBXGroup;
			children = (
				AB8046471C7BE70A000A2708 /* ExtensionDemoUITests.m */,
				AB8046491C7BE70A000A2708 /* Info.plist */,
			);
			path = ExtensionDemoUITests;
			sourceTree = "<group>";
		};
		ABC2BB0D1C7BEFC80035B961 /* Extension */ = {
			isa = PBXGroup;
			children = (
				ABC2BB931C7BFA6B0035B961 /* NSDictionary(LogModelProperty) */,
				ABC2BB8F1C7BF7640035B961 /* UITextField(PlaceholderColor) */,
				ABC2BB8B1C7BF21B0035B961 /* NSDate(Time) */,
				ABC2BB0E1C7BEFC80035B961 /* AudioTools */,
				ABC2BB111C7BEFC80035B961 /* CoreStatus(信号检测) */,
				ABC2BB171C7BEFC80035B961 /* NSArray(Log) */,
				ABC2BB1A1C7BEFC80035B961 /* NSDictionary(LogProperty) */,
				ABC2BB1D1C7BEFC80035B961 /* NSObject(Attribute) */,
				ABC2BB201C7BEFC80035B961 /* NSObject(Model) */,
				ABC2BB231C7BEFC80035B961 /* NSString(Base64) */,
				ABC2BB261C7BEFC80035B961 /* NSURL(MIMEType) */,
				ABC2BB291C7BEFC80035B961 /* NSURLConnection(NetWork) */,
				ABC2BB2C1C7BEFC80035B961 /* NSURLSession(NetWork) */,
				ABC2BB2F1C7BEFC80035B961 /* RecorderTools */,
				ABC2BB321C7BEFC80035B961 /* SandBoxPaths */,
				ABC2BB351C7BEFC80035B961 /* Security(MD5) */,
				ABC2BB3F1C7BEFC80035B961 /* Single */,
				ABC2BB411C7BEFC80035B961 /* SoundTools */,
				ABC2BB441C7BEFC80035B961 /* UIColor(Random) */,
				ABC2BB461C7BEFC80035B961 /* UIImage(Color) */,
				ABC2BB491C7BEFC80035B961 /* UIImage(GetColor) */,
				ABC2BB4C1C7BEFC80035B961 /* UIImage(Icon) */,
				ABC2BB4F1C7BEFC80035B961 /* UIImage(Logo) */,
				ABC2BB521C7BEFC80035B961 /* UIImage(reate) */,
				ABC2BB551C7BEFC80035B961 /* UIImage(Rendering) */,
				ABC2BB581C7BEFC80035B961 /* UIImage(Stretch) */,
				ABC2BB5B1C7BEFC80035B961 /* UIImage(View) */,
				ABC2BB5E1C7BEFC80035B961 /* UINavigationController (Animation) */,
				ABC2BB631C7BEFC80035B961 /* UIView(CAAnimation) */,
				ABC2BB661C7BEFC80035B961 /* UIView(Frame) */,
				ABC2BB691C7BEFC80035B961 /* UIView(Spring) */,
			);
			name = Extension;
			path = ../../Extension;
			sourceTree = "<group>";
		};
		ABC2BB0E1C7BEFC80035B961 /* AudioTools */ = {
			isa = PBXGroup;
			children = (
				ABC2BB0F1C7BEFC80035B961 /* AudioTools.h */,
				ABC2BB101C7BEFC80035B961 /* AudioTools.m */,
			);
			path = AudioTools;
			sourceTree = "<group>";
		};
		ABC2BB111C7BEFC80035B961 /* CoreStatus(信号检测) */ = {
			isa = PBXGroup;
			children = (
				ABC2BB121C7BEFC80035B961 /* CoreStatus.h */,
				ABC2BB131C7BEFC80035B961 /* CoreStatus.m */,
				ABC2BB141C7BEFC80035B961 /* Reachability */,
			);
			path = "CoreStatus(信号检测)";
			sourceTree = "<group>";
		};
		ABC2BB141C7BEFC80035B961 /* Reachability */ = {
			isa = PBXGroup;
			children = (
				ABC2BB151C7BEFC80035B961 /* Reachability.h */,
				ABC2BB161C7BEFC80035B961 /* Reachability.m */,
			);
			path = Reachability;
			sourceTree = "<group>";
		};
		ABC2BB171C7BEFC80035B961 /* NSArray(Log) */ = {
			isa = PBXGroup;
			children = (
				ABC2BB181C7BEFC80035B961 /* NSArray+Log.h */,
				ABC2BB191C7BEFC80035B961 /* NSArray+Log.m */,
			);
			path = "NSArray(Log)";
			sourceTree = "<group>";
		};
		ABC2BB1A1C7BEFC80035B961 /* NSDictionary(LogProperty) */ = {
			isa = PBXGroup;
			children = (
				ABC2BB1B1C7BEFC80035B961 /* NSDictionary+LogProperty.h */,
				ABC2BB1C1C7BEFC80035B961 /* NSDictionary+LogProperty.m */,
			);
			path = "NSDictionary(LogProperty)";
			sourceTree = "<group>";
		};
		ABC2BB1D1C7BEFC80035B961 /* NSObject(Attribute) */ = {
			isa = PBXGroup;
			children = (
				ABC2BB1E1C7BEFC80035B961 /* NSObject+Attribute.h */,
				ABC2BB1F1C7BEFC80035B961 /* NSObject+Attribute.m */,
			);
			path = "NSObject(Attribute)";
			sourceTree = "<group>";
		};
		ABC2BB201C7BEFC80035B961 /* NSObject(Model) */ = {
			isa = PBXGroup;
			children = (
				ABC2BB211C7BEFC80035B961 /* NSObject+Model.h */,
				ABC2BB221C7BEFC80035B961 /* NSObject+Model.m */,
			);
			path = "NSObject(Model)";
			sourceTree = "<group>";
		};
		ABC2BB231C7BEFC80035B961 /* NSString(Base64) */ = {
			isa = PBXGroup;
			children = (
				ABC2BB241C7BEFC80035B961 /* NSString+Base64.h */,
				ABC2BB251C7BEFC80035B961 /* NSString+Base64.m */,
			);
			path = "NSString(Base64)";
			sourceTree = "<group>";
		};
		ABC2BB261C7BEFC80035B961 /* NSURL(MIMEType) */ = {
			isa = PBXGroup;
			children = (
				ABC2BB271C7BEFC80035B961 /* NSURL+MIMEType.h */,
				ABC2BB281C7BEFC80035B961 /* NSURL+MIMEType.m */,
			);
			path = "NSURL(MIMEType)";
			sourceTree = "<group>";
		};
		ABC2BB291C7BEFC80035B961 /* NSURLConnection(NetWork) */ = {
			isa = PBXGroup;
			children = (
				ABC2BB2A1C7BEFC80035B961 /* NSURLConnection+NetWork.h */,
				ABC2BB2B1C7BEFC80035B961 /* NSURLConnection+NetWork.m */,
			);
			path = "NSURLConnection(NetWork)";
			sourceTree = "<group>";
		};
		ABC2BB2C1C7BEFC80035B961 /* NSURLSession(NetWork) */ = {
			isa = PBXGroup;
			children = (
				ABC2BB2D1C7BEFC80035B961 /* NSURLSession+NetWorking.h */,
				ABC2BB2E1C7BEFC80035B961 /* NSURLSession+NetWorking.m */,
			);
			path = "NSURLSession(NetWork)";
			sourceTree = "<group>";
		};
		ABC2BB2F1C7BEFC80035B961 /* RecorderTools */ = {
			isa = PBXGroup;
			children = (
				ABC2BB301C7BEFC80035B961 /* RecorderTools.h */,
				ABC2BB311C7BEFC80035B961 /* RecorderTools.m */,
			);
			path = RecorderTools;
			sourceTree = "<group>";
		};
		ABC2BB321C7BEFC80035B961 /* SandBoxPaths */ = {
			isa = PBXGroup;
			children = (
				ABC2BB331C7BEFC80035B961 /* SandBoxPaths.h */,
				ABC2BB341C7BEFC80035B961 /* SandBoxPaths.m */,
			);
			path = SandBoxPaths;
			sourceTree = "<group>";
		};
		ABC2BB351C7BEFC80035B961 /* Security(MD5) */ = {
			isa = PBXGroup;
			children = (
				ABC2BB361C7BEFC80035B961 /* NSString+Hash.h */,
				ABC2BB371C7BEFC80035B961 /* NSString+Hash.m */,
				ABC2BB381C7BEFC80035B961 /* SSKeychain */,
			);
			path = "Security(MD5)";
			sourceTree = "<group>";
		};
		ABC2BB381C7BEFC80035B961 /* SSKeychain */ = {
			isa = PBXGroup;
			children = (
				ABC2BB391C7BEFC80035B961 /* SSKeychain.strings */,
				ABC2BB3B1C7BEFC80035B961 /* SSKeychain.h */,
				ABC2BB3C1C7BEFC80035B961 /* SSKeychain.m */,
				ABC2BB3D1C7BEFC80035B961 /* SSKeychainQuery.h */,
				ABC2BB3E1C7BEFC80035B961 /* SSKeychainQuery.m */,
			);
			path = SSKeychain;
			sourceTree = "<group>";
		};
		ABC2BB3F1C7BEFC80035B961 /* Single */ = {
			isa = PBXGroup;
			children = (
				ABC2BB401C7BEFC80035B961 /* Single.h */,
			);
			path = Single;
			sourceTree = "<group>";
		};
		ABC2BB411C7BEFC80035B961 /* SoundTools */ = {
			isa = PBXGroup;
			children = (
				ABC2BB421C7BEFC80035B961 /* SoundTools.h */,
				ABC2BB431C7BEFC80035B961 /* SoundTools.m */,
			);
			path = SoundTools;
			sourceTree = "<group>";
		};
		ABC2BB441C7BEFC80035B961 /* UIColor(Random) */ = {
			isa = PBXGroup;
			children = (
				ABC2BB451C7BEFC80035B961 /* UIColor+Random.h */,
			);
			path = "UIColor(Random)";
			sourceTree = "<group>";
		};
		ABC2BB461C7BEFC80035B961 /* UIImage(Color) */ = {
			isa = PBXGroup;
			children = (
				ABC2BB471C7BEFC80035B961 /* UIImage+Color.h */,
				ABC2BB481C7BEFC80035B961 /* UIImage+Color.m */,
			);
			path = "UIImage(Color)";
			sourceTree = "<group>";
		};
		ABC2BB491C7BEFC80035B961 /* UIImage(GetColor) */ = {
			isa = PBXGroup;
			children = (
				ABC2BB4A1C7BEFC80035B961 /* UIImage+GetColor.h */,
				ABC2BB4B1C7BEFC80035B961 /* UIImage+GetColor.m */,
			);
			path = "UIImage(GetColor)";
			sourceTree = "<group>";
		};
		ABC2BB4C1C7BEFC80035B961 /* UIImage(Icon) */ = {
			isa = PBXGroup;
			children = (
				ABC2BB4D1C7BEFC80035B961 /* UIImage+icon.h */,
				ABC2BB4E1C7BEFC80035B961 /* UIImage+icon.m */,
			);
			path = "UIImage(Icon)";
			sourceTree = "<group>";
		};
		ABC2BB4F1C7BEFC80035B961 /* UIImage(Logo) */ = {
			isa = PBXGroup;
			children = (
				ABC2BB501C7BEFC80035B961 /* UIImage+Logo.h */,
				ABC2BB511C7BEFC80035B961 /* UIImage+Logo.m */,
			);
			path = "UIImage(Logo)";
			sourceTree = "<group>";
		};
		ABC2BB521C7BEFC80035B961 /* UIImage(reate) */ = {
			isa = PBXGroup;
			children = (
				ABC2BB531C7BEFC80035B961 /* UIImage+Create.h */,
				ABC2BB541C7BEFC80035B961 /* UIImage+Create.m */,
			);
			path = "UIImage(reate)";
			sourceTree = "<group>";
		};
		ABC2BB551C7BEFC80035B961 /* UIImage(Rendering) */ = {
			isa = PBXGroup;
			children = (
				ABC2BB561C7BEFC80035B961 /* UIImage+Rendering.h */,
				ABC2BB571C7BEFC80035B961 /* UIImage+Rendering.m */,
			);
			path = "UIImage(Rendering)";
			sourceTree = "<group>";
		};
		ABC2BB581C7BEFC80035B961 /* UIImage(Stretch) */ = {
			isa = PBXGroup;
			children = (
				ABC2BB591C7BEFC80035B961 /* UIImage+Stretch.h */,
				ABC2BB5A1C7BEFC80035B961 /* UIImage+Stretch.m */,
			);
			path = "UIImage(Stretch)";
			sourceTree = "<group>";
		};
		ABC2BB5B1C7BEFC80035B961 /* UIImage(View) */ = {
			isa = PBXGroup;
			children = (
				ABC2BB5C1C7BEFC80035B961 /* UIImage+View.h */,
				ABC2BB5D1C7BEFC80035B961 /* UIImage+View.m */,
			);
			path = "UIImage(View)";
			sourceTree = "<group>";
		};
		ABC2BB5E1C7BEFC80035B961 /* UINavigationController (Animation) */ = {
			isa = PBXGroup;
			children = (
				ABC2BB5F1C7BEFC80035B961 /* UINavigationController+Animation.h */,
				ABC2BB601C7BEFC80035B961 /* UINavigationController+Animation.m */,
				ABC2BB611C7BEFC80035B961 /* UIView+CAAnimation.h */,
				ABC2BB621C7BEFC80035B961 /* UIView+CAAnimation.m */,
			);
			path = "UINavigationController (Animation)";
			sourceTree = "<group>";
		};
		ABC2BB631C7BEFC80035B961 /* UIView(CAAnimation) */ = {
			isa = PBXGroup;
			children = (
				ABC2BB641C7BEFC80035B961 /* UIView+CAAnimation.h */,
				ABC2BB651C7BEFC80035B961 /* UIView+CAAnimation.m */,
			);
			path = "UIView(CAAnimation)";
			sourceTree = "<group>";
		};
		ABC2BB661C7BEFC80035B961 /* UIView(Frame) */ = {
			isa = PBXGroup;
			children = (
				ABC2BB671C7BEFC80035B961 /* UIView+Frame.h */,
				ABC2BB681C7BEFC80035B961 /* UIView+Frame.m */,
			);
			path = "UIView(Frame)";
			sourceTree = "<group>";
		};
		ABC2BB691C7BEFC80035B961 /* UIView(Spring) */ = {
			isa = PBXGroup;
			children = (
				ABC2BB6A1C7BEFC80035B961 /* UIView+Spring.h */,
				ABC2BB6B1C7BEFC80035B961 /* UIView+Spring.m */,
			);
			path = "UIView(Spring)";
			sourceTree = "<group>";
		};
		ABC2BB8B1C7BF21B0035B961 /* NSDate(Time) */ = {
			isa = PBXGroup;
			children = (
				ABC2BB8C1C7BF21B0035B961 /* NSDate+Time.h */,
				ABC2BB8D1C7BF21B0035B961 /* NSDate+Time.m */,
			);
			path = "NSDate(Time)";
			sourceTree = "<group>";
		};
		ABC2BB8F1C7BF7640035B961 /* UITextField(PlaceholderColor) */ = {
			isa = PBXGroup;
			children = (
				ABC2BB901C7BF7640035B961 /* UITextField+Placeholder.h */,
				ABC2BB911C7BF7640035B961 /* UITextField+Placeholder.m */,
			);
			path = "UITextField(PlaceholderColor)";
			sourceTree = "<group>";
		};
		ABC2BB931C7BFA6B0035B961 /* NSDictionary(LogModelProperty) */ = {
			isa = PBXGroup;
			children = (
				ABC2BB941C7BFA6B0035B961 /* NSDictionary+LogProperty.h */,
				ABC2BB951C7BFA6B0035B961 /* NSDictionary+LogProperty.m */,
			);
			path = "NSDictionary(LogModelProperty)";
			sourceTree = "<group>";
		};
/* End PBXGroup section */

/* Begin PBXNativeTarget section */
		AB80461E1C7BE709000A2708 /* ExtensionDemo */ = {
			isa = PBXNativeTarget;
			buildConfigurationList = AB80464C1C7BE70A000A2708 /* Build configuration list for PBXNativeTarget "ExtensionDemo" */;
			buildPhases = (
				AB80461B1C7BE709000A2708 /* Sources */,
				AB80461C1C7BE709000A2708 /* Frameworks */,
				AB80461D1C7BE709000A2708 /* Resources */,
			);
			buildRules = (
			);
			dependencies = (
			);
			name = ExtensionDemo;
			productName = ExtensionDemo;
			productReference = AB80461F1C7BE709000A2708 /* ExtensionDemo.app */;
			productType = "com.apple.product-type.application";
		};
		AB8046371C7BE70A000A2708 /* ExtensionDemoTests */ = {
			isa = PBXNativeTarget;
			buildConfigurationList = AB80464F1C7BE70A000A2708 /* Build configuration list for PBXNativeTarget "ExtensionDemoTests" */;
			buildPhases = (
				AB8046341C7BE70A000A2708 /* Sources */,
				AB8046351C7BE70A000A2708 /* Frameworks */,
				AB8046361C7BE70A000A2708 /* Resources */,
			);
			buildRules = (
			);
			dependencies = (
				AB80463A1C7BE70A000A2708 /* PBXTargetDependency */,
			);
			name = ExtensionDemoTests;
			productName = ExtensionDemoTests;
			productReference = AB8046381C7BE70A000A2708 /* ExtensionDemoTests.xctest */;
			productType = "com.apple.product-type.bundle.unit-test";
		};
		AB8046421C7BE70A000A2708 /* ExtensionDemoUITests */ = {
			isa = PBXNativeTarget;
			buildConfigurationList = AB8046521C7BE70A000A2708 /* Build configuration list for PBXNativeTarget "ExtensionDemoUITests" */;
			buildPhases = (
				AB80463F1C7BE70A000A2708 /* Sources */,
				AB8046401C7BE70A000A2708 /* Frameworks */,
				AB8046411C7BE70A000A2708 /* Resources */,
			);
			buildRules = (
			);
			dependencies = (
				AB8046451C7BE70A000A2708 /* PBXTargetDependency */,
			);
			name = ExtensionDemoUITests;
			productName = ExtensionDemoUITests;
			productReference = AB8046431C7BE70A000A2708 /* ExtensionDemoUITests.xctest */;
			productType = "com.apple.product-type.bundle.ui-testing";
		};
/* End PBXNativeTarget section */

/* Begin PBXProject section */
		AB8046171C7BE709000A2708 /* Project object */ = {
			isa = PBXProject;
			attributes = {
				LastUpgradeCheck = 0720;
				ORGANIZATIONNAME = czljcb;
				TargetAttributes = {
					AB80461E1C7BE709000A2708 = {
						CreatedOnToolsVersion = 7.2;
						DevelopmentTeam = R572233UJT;
					};
					AB8046371C7BE70A000A2708 = {
						CreatedOnToolsVersion = 7.2;
						DevelopmentTeam = R572233UJT;
						TestTargetID = AB80461E1C7BE709000A2708;
					};
					AB8046421C7BE70A000A2708 = {
						CreatedOnToolsVersion = 7.2;
						DevelopmentTeam = R572233UJT;
						TestTargetID = AB80461E1C7BE709000A2708;
					};
				};
			};
			buildConfigurationList = AB80461A1C7BE709000A2708 /* Build configuration list for PBXProject "ExtensionDemo" */;
			compatibilityVersion = "Xcode 3.2";
			developmentRegion = English;
			hasScannedForEncodings = 0;
			knownRegions = (
				en,
				Base,
			);
			mainGroup = AB8046161C7BE709000A2708;
			productRefGroup = AB8046201C7BE709000A2708 /* Products */;
			projectDirPath = "";
			projectRoot = "";
			targets = (
				AB80461E1C7BE709000A2708 /* ExtensionDemo */,
				AB8046371C7BE70A000A2708 /* ExtensionDemoTests */,
				AB8046421C7BE70A000A2708 /* ExtensionDemoUITests */,
			);
		};
/* End PBXProject section */

/* Begin PBXResourcesBuildPhase section */
		AB80461D1C7BE709000A2708 /* Resources */ = {
			isa = PBXResourcesBuildPhase;
			buildActionMask = 2147483647;
			files = (
				ABC2BB7A1C7BEFC80035B961 /* SSKeychain.strings in Resources */,
				AB8046321C7BE709000A2708 /* LaunchScreen.storyboard in Resources */,
				AB80462F1C7BE709000A2708 /* Assets.xcassets in Resources */,
				AB80462D1C7BE709000A2708 /* Main.storyboard in Resources */,
			);
			runOnlyForDeploymentPostprocessing = 0;
		};
		AB8046361C7BE70A000A2708 /* Resources */ = {
			isa = PBXResourcesBuildPhase;
			buildActionMask = 2147483647;
			files = (
			);
			runOnlyForDeploymentPostprocessing = 0;
		};
		AB8046411C7BE70A000A2708 /* Resources */ = {
			isa = PBXResourcesBuildPhase;
			buildActionMask = 2147483647;
			files = (
			);
			runOnlyForDeploymentPostprocessing = 0;
		};
/* End PBXResourcesBuildPhase section */

/* Begin PBXSourcesBuildPhase section */
		AB80461B1C7BE709000A2708 /* Sources */ = {
			isa = PBXSourcesBuildPhase;
			buildActionMask = 2147483647;
			files = (
				ABC2BB741C7BEFC80035B961 /* NSURL+MIMEType.m in Sources */,
				ABC2BB7E1C7BEFC80035B961 /* UIImage+Color.m in Sources */,
				AB80462A1C7BE709000A2708 /* ViewController.m in Sources */,
				ABC2BB731C7BEFC80035B961 /* NSString+Base64.m in Sources */,
				AB8046271C7BE709000A2708 /* AppDelegate.m in Sources */,
				ABC2BB771C7BEFC80035B961 /* RecorderTools.m in Sources */,
				ABC2BB6D1C7BEFC80035B961 /* CoreStatus.m in Sources */,
				ABC2BB791C7BEFC80035B961 /* NSString+Hash.m in Sources */,
				ABC2BB6C1C7BEFC80035B961 /* AudioTools.m in Sources */,
				ABC2BB6F1C7BEFC80035B961 /* NSArray+Log.m in Sources */,
				ABC2BB821C7BEFC80035B961 /* UIImage+Create.m in Sources */,
				ABC2BB8E1C7BF21B0035B961 /* NSDate+Time.m in Sources */,
				ABC2BB7D1C7BEFC80035B961 /* SoundTools.m in Sources */,
				ABC2BB7C1C7BEFC80035B961 /* SSKeychainQuery.m in Sources */,
				ABC2BB891C7BEFC80035B961 /* UIView+Frame.m in Sources */,
				ABC2BB801C7BEFC80035B961 /* UIImage+icon.m in Sources */,
				ABC2BB851C7BEFC80035B961 /* UIImage+View.m in Sources */,
				ABC2BB7F1C7BEFC80035B961 /* UIImage+GetColor.m in Sources */,
				ABC2BB711C7BEFC80035B961 /* NSObject+Attribute.m in Sources */,
				ABC2BB701C7BEFC80035B961 /* NSDictionary+LogProperty.m in Sources */,
				ABC2BB871C7BEFC80035B961 /* UIView+CAAnimation.m in Sources */,
				ABC2BB881C7BEFC80035B961 /* UIView+CAAnimation.m in Sources */,
				ABC2BB861C7BEFC80035B961 /* UINavigationController+Animation.m in Sources */,
				ABC2BB751C7BEFC80035B961 /* NSURLConnection+NetWork.m in Sources */,
				ABC2BB811C7BEFC80035B961 /* UIImage+Logo.m in Sources */,
				ABC2BB781C7BEFC80035B961 /* SandBoxPaths.m in Sources */,
				ABC2BB961C7BFA6B0035B961 /* NSDictionary+LogProperty.m in Sources */,
				ABC2BB831C7BEFC80035B961 /* UIImage+Rendering.m in Sources */,
				ABC2BB7B1C7BEFC80035B961 /* SSKeychain.m in Sources */,
				AB8046241C7BE709000A2708 /* main.m in Sources */,
				ABC2BB761C7BEFC80035B961 /* NSURLSession+NetWorking.m in Sources */,
				ABC2BB8A1C7BEFC80035B961 /* UIView+Spring.m in Sources */,
				ABC2BB6E1C7BEFC80035B961 /* Reachability.m in Sources */,
				ABC2BB841C7BEFC80035B961 /* UIImage+Stretch.m in Sources */,
				ABC2BB921C7BF7640035B961 /* UITextField+Placeholder.m in Sources */,
				ABC2BB721C7BEFC80035B961 /* NSObject+Model.m in Sources */,
			);
			runOnlyForDeploymentPostprocessing = 0;
		};
		AB8046341C7BE70A000A2708 /* Sources */ = {
			isa = PBXSourcesBuildPhase;
			buildActionMask = 2147483647;
			files = (
				AB80463D1C7BE70A000A2708 /* ExtensionDemoTests.m in Sources */,
			);
			runOnlyForDeploymentPostprocessing = 0;
		};
		AB80463F1C7BE70A000A2708 /* Sources */ = {
			isa = PBXSourcesBuildPhase;
			buildActionMask = 2147483647;
			files = (
				AB8046481C7BE70A000A2708 /* ExtensionDemoUITests.m in Sources */,
			);
			runOnlyForDeploymentPostprocessing = 0;
		};
/* End PBXSourcesBuildPhase section */

/* Begin PBXTargetDependency section */
		AB80463A1C7BE70A000A2708 /* PBXTargetDependency */ = {
			isa = PBXTargetDependency;
			target = AB80461E1C7BE709000A2708 /* ExtensionDemo */;
			targetProxy = AB8046391C7BE70A000A2708 /* PBXContainerItemProxy */;
		};
		AB8046451C7BE70A000A2708 /* PBXTargetDependency */ = {
			isa = PBXTargetDependency;
			target = AB80461E1C7BE709000A2708 /* ExtensionDemo */;
			targetProxy = AB8046441C7BE70A000A2708 /* PBXContainerItemProxy */;
		};
/* End PBXTargetDependency section */

/* Begin PBXVariantGroup section */
		AB80462B1C7BE709000A2708 /* Main.storyboard */ = {
			isa = PBXVariantGroup;
			children = (
				AB80462C1C7BE709000A2708 /* Base */,
			);
			name = Main.storyboard;
			sourceTree = "<group>";
		};
		AB8046301C7BE709000A2708 /* LaunchScreen.storyboard */ = {
			isa = PBXVariantGroup;
			children = (
				AB8046311C7BE709000A2708 /* Base */,
			);
			name = LaunchScreen.storyboard;
			sourceTree = "<group>";
		};
		ABC2BB391C7BEFC80035B961 /* SSKeychain.strings */ = {
			isa = PBXVariantGroup;
			children = (
				ABC2BB3A1C7BEFC80035B961 /* en */,
			);
			name = SSKeychain.strings;
			sourceTree = "<group>";
		};
/* End PBXVariantGroup section */

/* Begin XCBuildConfiguration section */
		AB80464A1C7BE70A000A2708 /* Debug */ = {
			isa = XCBuildConfiguration;
			buildSettings = {
				ALWAYS_SEARCH_USER_PATHS = NO;
				CLANG_CXX_LANGUAGE_STANDARD = "gnu++0x";
				CLANG_CXX_LIBRARY = "libc++";
				CLANG_ENABLE_MODULES = YES;
				CLANG_ENABLE_OBJC_ARC = YES;
				CLANG_WARN_BOOL_CONVERSION = YES;
				CLANG_WARN_CONSTANT_CONVERSION = YES;
				CLANG_WARN_DIRECT_OBJC_ISA_USAGE = YES_ERROR;
				CLANG_WARN_EMPTY_BODY = YES;
				CLANG_WARN_ENUM_CONVERSION = YES;
				CLANG_WARN_INT_CONVERSION = YES;
				CLANG_WARN_OBJC_ROOT_CLASS = YES_ERROR;
				CLANG_WARN_UNREACHABLE_CODE = YES;
				CLANG_WARN__DUPLICATE_METHOD_MATCH = YES;
				"CODE_SIGN_IDENTITY[sdk=iphoneos*]" = "iPhone Developer";
				COPY_PHASE_STRIP = NO;
				DEBUG_INFORMATION_FORMAT = dwarf;
				ENABLE_STRICT_OBJC_MSGSEND = YES;
				ENABLE_TESTABILITY = YES;
				GCC_C_LANGUAGE_STANDARD = gnu99;
				GCC_DYNAMIC_NO_PIC = NO;
				GCC_NO_COMMON_BLOCKS = YES;
				GCC_OPTIMIZATION_LEVEL = 0;
				GCC_PREPROCESSOR_DEFINITIONS = (
					"DEBUG=1",
					"$(inherited)",
				);
				GCC_WARN_64_TO_32_BIT_CONVERSION = YES;
				GCC_WARN_ABOUT_RETURN_TYPE = YES_ERROR;
				GCC_WARN_UNDECLARED_SELECTOR = YES;
				GCC_WARN_UNINITIALIZED_AUTOS = YES_AGGRESSIVE;
				GCC_WARN_UNUSED_FUNCTION = YES;
				GCC_WARN_UNUSED_VARIABLE = YES;
				IPHONEOS_DEPLOYMENT_TARGET = 9.2;
				MTL_ENABLE_DEBUG_INFO = YES;
				ONLY_ACTIVE_ARCH = YES;
				SDKROOT = iphoneos;
			};
			name = Debug;
		};
		AB80464B1C7BE70A000A2708 /* Release */ = {
			isa = XCBuildConfiguration;
			buildSettings = {
				ALWAYS_SEARCH_USER_PATHS = NO;
				CLANG_CXX_LANGUAGE_STANDARD = "gnu++0x";
				CLANG_CXX_LIBRARY = "libc++";
				CLANG_ENABLE_MODULES = YES;
				CLANG_ENABLE_OBJC_ARC = YES;
				CLANG_WARN_BOOL_CONVERSION = YES;
				CLANG_WARN_CONSTANT_CONVERSION = YES;
				CLANG_WARN_DIRECT_OBJC_ISA_USAGE = YES_ERROR;
				CLANG_WARN_EMPTY_BODY = YES;
				CLANG_WARN_ENUM_CONVERSION = YES;
				CLANG_WARN_INT_CONVERSION = YES;
				CLANG_WARN_OBJC_ROOT_CLASS = YES_ERROR;
				CLANG_WARN_UNREACHABLE_CODE = YES;
				CLANG_WARN__DUPLICATE_METHOD_MATCH = YES;
				"CODE_SIGN_IDENTITY[sdk=iphoneos*]" = "iPhone Developer";
				COPY_PHASE_STRIP = NO;
				DEBUG_INFORMATION_FORMAT = "dwarf-with-dsym";
				ENABLE_NS_ASSERTIONS = NO;
				ENABLE_STRICT_OBJC_MSGSEND = YES;
				GCC_C_LANGUAGE_STANDARD = gnu99;
				GCC_NO_COMMON_BLOCKS = YES;
				GCC_WARN_64_TO_32_BIT_CONVERSION = YES;
				GCC_WARN_ABOUT_RETURN_TYPE = YES_ERROR;
				GCC_WARN_UNDECLARED_SELECTOR = YES;
				GCC_WARN_UNINITIALIZED_AUTOS = YES_AGGRESSIVE;
				GCC_WARN_UNUSED_FUNCTION = YES;
				GCC_WARN_UNUSED_VARIABLE = YES;
				IPHONEOS_DEPLOYMENT_TARGET = 9.2;
				MTL_ENABLE_DEBUG_INFO = NO;
				SDKROOT = iphoneos;
				VALIDATE_PRODUCT = YES;
			};
			name = Release;
		};
		AB80464D1C7BE70A000A2708 /* Debug */ = {
			isa = XCBuildConfiguration;
			buildSettings = {
				ASSETCATALOG_COMPILER_APPICON_NAME = AppIcon;
				INFOPLIST_FILE = ExtensionDemo/Info.plist;
				LD_RUNPATH_SEARCH_PATHS = "$(inherited) @executable_path/Frameworks";
				PRODUCT_BUNDLE_IDENTIFIER = CZ.ExtensionDemo;
				PRODUCT_NAME = "$(TARGET_NAME)";
			};
			name = Debug;
		};
		AB80464E1C7BE70A000A2708 /* Release */ = {
			isa = XCBuildConfiguration;
			buildSettings = {
				ASSETCATALOG_COMPILER_APPICON_NAME = AppIcon;
				INFOPLIST_FILE = ExtensionDemo/Info.plist;
				LD_RUNPATH_SEARCH_PATHS = "$(inherited) @executable_path/Frameworks";
				PRODUCT_BUNDLE_IDENTIFIER = CZ.ExtensionDemo;
				PRODUCT_NAME = "$(TARGET_NAME)";
			};
			name = Release;
		};
		AB8046501C7BE70A000A2708 /* Debug */ = {
			isa = XCBuildConfiguration;
			buildSettings = {
				BUNDLE_LOADER = "$(TEST_HOST)";
				INFOPLIST_FILE = ExtensionDemoTests/Info.plist;
				LD_RUNPATH_SEARCH_PATHS = "$(inherited) @executable_path/Frameworks @loader_path/Frameworks";
				PRODUCT_BUNDLE_IDENTIFIER = CZ.ExtensionDemoTests;
				PRODUCT_NAME = "$(TARGET_NAME)";
				TEST_HOST = "$(BUILT_PRODUCTS_DIR)/ExtensionDemo.app/ExtensionDemo";
			};
			name = Debug;
		};
		AB8046511C7BE70A000A2708 /* Release */ = {
			isa = XCBuildConfiguration;
			buildSettings = {
				BUNDLE_LOADER = "$(TEST_HOST)";
				INFOPLIST_FILE = ExtensionDemoTests/Info.plist;
				LD_RUNPATH_SEARCH_PATHS = "$(inherited) @executable_path/Frameworks @loader_path/Frameworks";
				PRODUCT_BUNDLE_IDENTIFIER = CZ.ExtensionDemoTests;
				PRODUCT_NAME = "$(TARGET_NAME)";
				TEST_HOST = "$(BUILT_PRODUCTS_DIR)/ExtensionDemo.app/ExtensionDemo";
			};
			name = Release;
		};
		AB8046531C7BE70A000A2708 /* Debug */ = {
			isa = XCBuildConfiguration;
			buildSettings = {
				INFOPLIST_FILE = ExtensionDemoUITests/Info.plist;
				LD_RUNPATH_SEARCH_PATHS = "$(inherited) @executable_path/Frameworks @loader_path/Frameworks";
				PRODUCT_BUNDLE_IDENTIFIER = CZ.ExtensionDemoUITests;
				PRODUCT_NAME = "$(TARGET_NAME)";
				TEST_TARGET_NAME = ExtensionDemo;
				USES_XCTRUNNER = YES;
			};
			name = Debug;
		};
		AB8046541C7BE70A000A2708 /* Release */ = {
			isa = XCBuildConfiguration;
			buildSettings = {
				INFOPLIST_FILE = ExtensionDemoUITests/Info.plist;
				LD_RUNPATH_SEARCH_PATHS = "$(inherited) @executable_path/Frameworks @loader_path/Frameworks";
				PRODUCT_BUNDLE_IDENTIFIER = CZ.ExtensionDemoUITests;
				PRODUCT_NAME = "$(TARGET_NAME)";
				TEST_TARGET_NAME = ExtensionDemo;
				USES_XCTRUNNER = YES;
			};
			name = Release;
		};
/* End XCBuildConfiguration section */

/* Begin XCConfigurationList section */
		AB80461A1C7BE709000A2708 /* Build configuration list for PBXProject "ExtensionDemo" */ = {
			isa = XCConfigurationList;
			buildConfigurations = (
				AB80464A1C7BE70A000A2708 /* Debug */,
				AB80464B1C7BE70A000A2708 /* Release */,
			);
			defaultConfigurationIsVisible = 0;
			defaultConfigurationName = Release;
		};
		AB80464C1C7BE70A000A2708 /* Build configuration list for PBXNativeTarget "ExtensionDemo" */ = {
			isa = XCConfigurationList;
			buildConfigurations = (
				AB80464D1C7BE70A000A2708 /* Debug */,
				AB80464E1C7BE70A000A2708 /* Release */,
			);
			defaultConfigurationIsVisible = 0;
			defaultConfigurationName = Release;
		};
		AB80464F1C7BE70A000A2708 /* Build configuration list for PBXNativeTarget "ExtensionDemoTests" */ = {
			isa = XCConfigurationList;
			buildConfigurations = (
				AB8046501C7BE70A000A2708 /* Debug */,
				AB8046511C7BE70A000A2708 /* Release */,
			);
			defaultConfigurationIsVisible = 0;
			defaultConfigurationName = Release;
		};
		AB8046521C7BE70A000A2708 /* Build configuration list for PBXNativeTarget "ExtensionDemoUITests" */ = {
			isa = XCConfigurationList;
			buildConfigurations = (
				AB8046531C7BE70A000A2708 /* Debug */,
				AB8046541C7BE70A000A2708 /* Release */,
			);
			defaultConfigurationIsVisible = 0;
			defaultConfigurationName = Release;
		};
/* End XCConfigurationList section */
	};
	rootObject = AB8046171C7BE709000A2708 /* Project object */;
}
